
Microsoft Visual Studio Solution File, Format Version 12.00
# Visual Studio 14
VisualStudioVersion = 14.0.24720.0
MinimumVisualStudioVersion = 10.0.40219.1
Project("{F184B08F-C81C-45F6-A57F-5ABD9991F28F}") = "web", "web\web.vbproj", "{9A1686F1-6C85-4A8D-9361-C84143E4051E}"
EndProject
Global
	GlobalSection(SolutionConfigurationPlatforms) = preSolution
		Debug|Any CPU = Debug|Any CPU
		GertakariakMS|Any CPU = GertakariakMS|Any CPU
		Istriku_Debug|Any CPU = Istriku_Debug|Any CPU
		Istriku_Release|Any CPU = Istriku_Release|Any CPU
		Release|Any CPU = Release|Any CPU
	EndGlobalSection
	GlobalSection(ProjectConfigurationPlatforms) = postSolution
		{9A1686F1-6C85-4A8D-9361-C84143E4051E}.Debug|Any CPU.ActiveCfg = Debug|Any CPU
		{9A1686F1-6C85-4A8D-9361-C84143E4051E}.Debug|Any CPU.Build.0 = Debug|Any CPU
		{9A1686F1-6C85-4A8D-9361-C84143E4051E}.GertakariakMS|Any CPU.ActiveCfg = Release|Any CPU
		{9A1686F1-6C85-4A8D-9361-C84143E4051E}.GertakariakMS|Any CPU.Build.0 = Release|Any CPU
		{9A1686F1-6C85-4A8D-9361-C84143E4051E}.Istriku_Debug|Any CPU.ActiveCfg = Debug|Any CPU
		{9A1686F1-6C85-4A8D-9361-C84143E4051E}.Istriku_Debug|Any CPU.Build.0 = Debug|Any CPU
		{9A1686F1-6C85-4A8D-9361-C84143E4051E}.Istriku_Release|Any CPU.ActiveCfg = Release|Any CPU
		{9A1686F1-6C85-4A8D-9361-C84143E4051E}.Istriku_Release|Any CPU.Build.0 = Release|Any CPU
		{9A1686F1-6C85-4A8D-9361-C84143E4051E}.Release|Any CPU.ActiveCfg = Release|Any CPU
		{9A1686F1-6C85-4A8D-9361-C84143E4051E}.Release|Any CPU.Build.0 = Release|Any CPU
	EndGlobalSection
	GlobalSection(SolutionProperties) = preSolution
		HideSolutionNode = FALSE
	EndGlobalSection
EndGlobal
