
Microsoft Visual Studio Solution File, Format Version 12.00
# Visual Studio 15
VisualStudioVersion = 15.0.28010.2003
MinimumVisualStudioVersion = 10.0.40219.1
Project("{2150E333-8FDC-42A3-9474-1A3956D46DE8}") = "Gertakariak Orokorrak", "Gertakariak Orokorrak", "{44FB69E1-F818-47FE-80DE-92F10DD132C0}"
EndProject
Project("{2150E333-8FDC-42A3-9474-1A3956D46DE8}") = "Librerias", "Librerias", "{36D4D149-12EC-4B83-84F7-87CB75126FEE}"
EndProject
Project("{2150E333-8FDC-42A3-9474-1A3956D46DE8}") = "Intranet2", "Intranet2", "{A3C5BC74-93C6-4E44-8CE4-55A0FE55AF37}"
EndProject
Project("{F184B08F-C81C-45F6-A57F-5ABD9991F28F}") = "KtrolLib", "KtrolLib\KtrolLib.vbproj", "{CE9809A2-AE38-4FDA-88C1-0E3CD1483178}"
EndProject
Project("{F184B08F-C81C-45F6-A57F-5ABD9991F28F}") = "SABLib2", "..\SABLib\SABLib2.vbproj", "{3283DECE-6B4E-4009-A3A7-1370E6C0E053}"
EndProject
Project("{F184B08F-C81C-45F6-A57F-5ABD9991F28F}") = "KaPlanLib 4", "..\KaPlan\KaPlanLib 4\KaPlanLib 4.vbproj", "{9FBD65F9-188E-48EF-98BF-FE37528DF89C}"
EndProject
Project("{2150E333-8FDC-42A3-9474-1A3956D46DE8}") = "LocalizationLib", "LocalizationLib", "{057EA349-9F06-48C1-AC2A-0C11CC9B674E}"
EndProject
Project("{F184B08F-C81C-45F6-A57F-5ABD9991F28F}") = "Ktrol", "Web\Ktrol.vbproj", "{694E5787-9942-4390-88B4-E1C180685F36}"
EndProject
Project("{2150E333-8FDC-42A3-9474-1A3956D46DE8}") = "KaplanLib", "KaplanLib", "{BCFB414F-34AD-4820-9264-5B066BC23A0D}"
EndProject
Project("{F184B08F-C81C-45F6-A57F-5ABD9991F28F}") = "LocalizationLib 4", "..\Localization\LocalizationLib\LocalizationLib 4.vbproj", "{0E619969-8585-4D6C-A20B-9848826A4F1D}"
EndProject
Project("{F184B08F-C81C-45F6-A57F-5ABD9991F28F}") = "Memcached", "..\Memcached\Memcached.vbproj", "{1F46E55D-906C-4588-99CC-E81C4B4E373E}"
EndProject
Global
	GlobalSection(SolutionConfigurationPlatforms) = preSolution
		CD_ROM|Any CPU = CD_ROM|Any CPU
		CD_ROM|ARM = CD_ROM|ARM
		CD_ROM|Mixed Platforms = CD_ROM|Mixed Platforms
		CD_ROM|x64 = CD_ROM|x64
		CD_ROM|x86 = CD_ROM|x86
		Debug_Extranet|Any CPU = Debug_Extranet|Any CPU
		Debug_Extranet|ARM = Debug_Extranet|ARM
		Debug_Extranet|Mixed Platforms = Debug_Extranet|Mixed Platforms
		Debug_Extranet|x64 = Debug_Extranet|x64
		Debug_Extranet|x86 = Debug_Extranet|x86
		Debug|Any CPU = Debug|Any CPU
		Debug|ARM = Debug|ARM
		Debug|Mixed Platforms = Debug|Mixed Platforms
		Debug|x64 = Debug|x64
		Debug|x86 = Debug|x86
		DVD-5|Any CPU = DVD-5|Any CPU
		DVD-5|ARM = DVD-5|ARM
		DVD-5|Mixed Platforms = DVD-5|Mixed Platforms
		DVD-5|x64 = DVD-5|x64
		DVD-5|x86 = DVD-5|x86
		GertakariakMS|Any CPU = GertakariakMS|Any CPU
		GertakariakMS|ARM = GertakariakMS|ARM
		GertakariakMS|Mixed Platforms = GertakariakMS|Mixed Platforms
		GertakariakMS|x64 = GertakariakMS|x64
		GertakariakMS|x86 = GertakariakMS|x86
		Istriku_Debug|Any CPU = Istriku_Debug|Any CPU
		Istriku_Debug|ARM = Istriku_Debug|ARM
		Istriku_Debug|Mixed Platforms = Istriku_Debug|Mixed Platforms
		Istriku_Debug|x64 = Istriku_Debug|x64
		Istriku_Debug|x86 = Istriku_Debug|x86
		Istriku_Release|Any CPU = Istriku_Release|Any CPU
		Istriku_Release|ARM = Istriku_Release|ARM
		Istriku_Release|Mixed Platforms = Istriku_Release|Mixed Platforms
		Istriku_Release|x64 = Istriku_Release|x64
		Istriku_Release|x86 = Istriku_Release|x86
		Release_Extranet|Any CPU = Release_Extranet|Any CPU
		Release_Extranet|ARM = Release_Extranet|ARM
		Release_Extranet|Mixed Platforms = Release_Extranet|Mixed Platforms
		Release_Extranet|x64 = Release_Extranet|x64
		Release_Extranet|x86 = Release_Extranet|x86
		Release|Any CPU = Release|Any CPU
		Release|ARM = Release|ARM
		Release|Mixed Platforms = Release|Mixed Platforms
		Release|x64 = Release|x64
		Release|x86 = Release|x86
		SingleImage|Any CPU = SingleImage|Any CPU
		SingleImage|ARM = SingleImage|ARM
		SingleImage|Mixed Platforms = SingleImage|Mixed Platforms
		SingleImage|x64 = SingleImage|x64
		SingleImage|x86 = SingleImage|x86
	EndGlobalSection
	GlobalSection(ProjectConfigurationPlatforms) = postSolution
		{CE9809A2-AE38-4FDA-88C1-0E3CD1483178}.CD_ROM|Any CPU.ActiveCfg = Release|Any CPU
		{CE9809A2-AE38-4FDA-88C1-0E3CD1483178}.CD_ROM|Any CPU.Build.0 = Release|Any CPU
		{CE9809A2-AE38-4FDA-88C1-0E3CD1483178}.CD_ROM|ARM.ActiveCfg = Release|Any CPU
		{CE9809A2-AE38-4FDA-88C1-0E3CD1483178}.CD_ROM|ARM.Build.0 = Release|Any CPU
		{CE9809A2-AE38-4FDA-88C1-0E3CD1483178}.CD_ROM|Mixed Platforms.ActiveCfg = Release|Any CPU
		{CE9809A2-AE38-4FDA-88C1-0E3CD1483178}.CD_ROM|Mixed Platforms.Build.0 = Release|Any CPU
		{CE9809A2-AE38-4FDA-88C1-0E3CD1483178}.CD_ROM|x64.ActiveCfg = Release|Any CPU
		{CE9809A2-AE38-4FDA-88C1-0E3CD1483178}.CD_ROM|x64.Build.0 = Release|Any CPU
		{CE9809A2-AE38-4FDA-88C1-0E3CD1483178}.CD_ROM|x86.ActiveCfg = Release|Any CPU
		{CE9809A2-AE38-4FDA-88C1-0E3CD1483178}.CD_ROM|x86.Build.0 = Release|Any CPU
		{CE9809A2-AE38-4FDA-88C1-0E3CD1483178}.Debug_Extranet|Any CPU.ActiveCfg = Debug|Any CPU
		{CE9809A2-AE38-4FDA-88C1-0E3CD1483178}.Debug_Extranet|Any CPU.Build.0 = Debug|Any CPU
		{CE9809A2-AE38-4FDA-88C1-0E3CD1483178}.Debug_Extranet|ARM.ActiveCfg = Debug|Any CPU
		{CE9809A2-AE38-4FDA-88C1-0E3CD1483178}.Debug_Extranet|ARM.Build.0 = Debug|Any CPU
		{CE9809A2-AE38-4FDA-88C1-0E3CD1483178}.Debug_Extranet|Mixed Platforms.ActiveCfg = Debug|Any CPU
		{CE9809A2-AE38-4FDA-88C1-0E3CD1483178}.Debug_Extranet|Mixed Platforms.Build.0 = Debug|Any CPU
		{CE9809A2-AE38-4FDA-88C1-0E3CD1483178}.Debug_Extranet|x64.ActiveCfg = Debug|Any CPU
		{CE9809A2-AE38-4FDA-88C1-0E3CD1483178}.Debug_Extranet|x64.Build.0 = Debug|Any CPU
		{CE9809A2-AE38-4FDA-88C1-0E3CD1483178}.Debug_Extranet|x86.ActiveCfg = Debug|Any CPU
		{CE9809A2-AE38-4FDA-88C1-0E3CD1483178}.Debug_Extranet|x86.Build.0 = Debug|Any CPU
		{CE9809A2-AE38-4FDA-88C1-0E3CD1483178}.Debug|Any CPU.ActiveCfg = Debug|Any CPU
		{CE9809A2-AE38-4FDA-88C1-0E3CD1483178}.Debug|Any CPU.Build.0 = Debug|Any CPU
		{CE9809A2-AE38-4FDA-88C1-0E3CD1483178}.Debug|ARM.ActiveCfg = Debug|Any CPU
		{CE9809A2-AE38-4FDA-88C1-0E3CD1483178}.Debug|ARM.Build.0 = Debug|Any CPU
		{CE9809A2-AE38-4FDA-88C1-0E3CD1483178}.Debug|Mixed Platforms.ActiveCfg = Debug|Any CPU
		{CE9809A2-AE38-4FDA-88C1-0E3CD1483178}.Debug|Mixed Platforms.Build.0 = Debug|Any CPU
		{CE9809A2-AE38-4FDA-88C1-0E3CD1483178}.Debug|x64.ActiveCfg = Debug|Any CPU
		{CE9809A2-AE38-4FDA-88C1-0E3CD1483178}.Debug|x64.Build.0 = Debug|Any CPU
		{CE9809A2-AE38-4FDA-88C1-0E3CD1483178}.Debug|x86.ActiveCfg = Debug|Any CPU
		{CE9809A2-AE38-4FDA-88C1-0E3CD1483178}.Debug|x86.Build.0 = Debug|Any CPU
		{CE9809A2-AE38-4FDA-88C1-0E3CD1483178}.DVD-5|Any CPU.ActiveCfg = Debug|Any CPU
		{CE9809A2-AE38-4FDA-88C1-0E3CD1483178}.DVD-5|Any CPU.Build.0 = Debug|Any CPU
		{CE9809A2-AE38-4FDA-88C1-0E3CD1483178}.DVD-5|ARM.ActiveCfg = Debug|Any CPU
		{CE9809A2-AE38-4FDA-88C1-0E3CD1483178}.DVD-5|ARM.Build.0 = Debug|Any CPU
		{CE9809A2-AE38-4FDA-88C1-0E3CD1483178}.DVD-5|Mixed Platforms.ActiveCfg = Debug|Any CPU
		{CE9809A2-AE38-4FDA-88C1-0E3CD1483178}.DVD-5|Mixed Platforms.Build.0 = Debug|Any CPU
		{CE9809A2-AE38-4FDA-88C1-0E3CD1483178}.DVD-5|x64.ActiveCfg = Debug|Any CPU
		{CE9809A2-AE38-4FDA-88C1-0E3CD1483178}.DVD-5|x64.Build.0 = Debug|Any CPU
		{CE9809A2-AE38-4FDA-88C1-0E3CD1483178}.DVD-5|x86.ActiveCfg = Debug|Any CPU
		{CE9809A2-AE38-4FDA-88C1-0E3CD1483178}.DVD-5|x86.Build.0 = Debug|Any CPU
		{CE9809A2-AE38-4FDA-88C1-0E3CD1483178}.GertakariakMS|Any CPU.ActiveCfg = Debug|Any CPU
		{CE9809A2-AE38-4FDA-88C1-0E3CD1483178}.GertakariakMS|Any CPU.Build.0 = Debug|Any CPU
		{CE9809A2-AE38-4FDA-88C1-0E3CD1483178}.GertakariakMS|ARM.ActiveCfg = Debug|Any CPU
		{CE9809A2-AE38-4FDA-88C1-0E3CD1483178}.GertakariakMS|ARM.Build.0 = Debug|Any CPU
		{CE9809A2-AE38-4FDA-88C1-0E3CD1483178}.GertakariakMS|Mixed Platforms.ActiveCfg = Debug|Any CPU
		{CE9809A2-AE38-4FDA-88C1-0E3CD1483178}.GertakariakMS|Mixed Platforms.Build.0 = Debug|Any CPU
		{CE9809A2-AE38-4FDA-88C1-0E3CD1483178}.GertakariakMS|x64.ActiveCfg = Debug|Any CPU
		{CE9809A2-AE38-4FDA-88C1-0E3CD1483178}.GertakariakMS|x64.Build.0 = Debug|Any CPU
		{CE9809A2-AE38-4FDA-88C1-0E3CD1483178}.GertakariakMS|x86.ActiveCfg = Debug|Any CPU
		{CE9809A2-AE38-4FDA-88C1-0E3CD1483178}.GertakariakMS|x86.Build.0 = Debug|Any CPU
		{CE9809A2-AE38-4FDA-88C1-0E3CD1483178}.Istriku_Debug|Any CPU.ActiveCfg = Debug|Any CPU
		{CE9809A2-AE38-4FDA-88C1-0E3CD1483178}.Istriku_Debug|Any CPU.Build.0 = Debug|Any CPU
		{CE9809A2-AE38-4FDA-88C1-0E3CD1483178}.Istriku_Debug|ARM.ActiveCfg = Debug|Any CPU
		{CE9809A2-AE38-4FDA-88C1-0E3CD1483178}.Istriku_Debug|ARM.Build.0 = Debug|Any CPU
		{CE9809A2-AE38-4FDA-88C1-0E3CD1483178}.Istriku_Debug|Mixed Platforms.ActiveCfg = Debug|Any CPU
		{CE9809A2-AE38-4FDA-88C1-0E3CD1483178}.Istriku_Debug|Mixed Platforms.Build.0 = Debug|Any CPU
		{CE9809A2-AE38-4FDA-88C1-0E3CD1483178}.Istriku_Debug|x64.ActiveCfg = Debug|Any CPU
		{CE9809A2-AE38-4FDA-88C1-0E3CD1483178}.Istriku_Debug|x64.Build.0 = Debug|Any CPU
		{CE9809A2-AE38-4FDA-88C1-0E3CD1483178}.Istriku_Debug|x86.ActiveCfg = Debug|Any CPU
		{CE9809A2-AE38-4FDA-88C1-0E3CD1483178}.Istriku_Debug|x86.Build.0 = Debug|Any CPU
		{CE9809A2-AE38-4FDA-88C1-0E3CD1483178}.Istriku_Release|Any CPU.ActiveCfg = Release|Any CPU
		{CE9809A2-AE38-4FDA-88C1-0E3CD1483178}.Istriku_Release|Any CPU.Build.0 = Release|Any CPU
		{CE9809A2-AE38-4FDA-88C1-0E3CD1483178}.Istriku_Release|ARM.ActiveCfg = Release|Any CPU
		{CE9809A2-AE38-4FDA-88C1-0E3CD1483178}.Istriku_Release|ARM.Build.0 = Release|Any CPU
		{CE9809A2-AE38-4FDA-88C1-0E3CD1483178}.Istriku_Release|Mixed Platforms.ActiveCfg = Release|Any CPU
		{CE9809A2-AE38-4FDA-88C1-0E3CD1483178}.Istriku_Release|Mixed Platforms.Build.0 = Release|Any CPU
		{CE9809A2-AE38-4FDA-88C1-0E3CD1483178}.Istriku_Release|x64.ActiveCfg = Release|Any CPU
		{CE9809A2-AE38-4FDA-88C1-0E3CD1483178}.Istriku_Release|x64.Build.0 = Release|Any CPU
		{CE9809A2-AE38-4FDA-88C1-0E3CD1483178}.Istriku_Release|x86.ActiveCfg = Release|Any CPU
		{CE9809A2-AE38-4FDA-88C1-0E3CD1483178}.Istriku_Release|x86.Build.0 = Release|Any CPU
		{CE9809A2-AE38-4FDA-88C1-0E3CD1483178}.Release_Extranet|Any CPU.ActiveCfg = Release|Any CPU
		{CE9809A2-AE38-4FDA-88C1-0E3CD1483178}.Release_Extranet|Any CPU.Build.0 = Release|Any CPU
		{CE9809A2-AE38-4FDA-88C1-0E3CD1483178}.Release_Extranet|ARM.ActiveCfg = Release|Any CPU
		{CE9809A2-AE38-4FDA-88C1-0E3CD1483178}.Release_Extranet|ARM.Build.0 = Release|Any CPU
		{CE9809A2-AE38-4FDA-88C1-0E3CD1483178}.Release_Extranet|Mixed Platforms.ActiveCfg = Release|Any CPU
		{CE9809A2-AE38-4FDA-88C1-0E3CD1483178}.Release_Extranet|Mixed Platforms.Build.0 = Release|Any CPU
		{CE9809A2-AE38-4FDA-88C1-0E3CD1483178}.Release_Extranet|x64.ActiveCfg = Release|Any CPU
		{CE9809A2-AE38-4FDA-88C1-0E3CD1483178}.Release_Extranet|x64.Build.0 = Release|Any CPU
		{CE9809A2-AE38-4FDA-88C1-0E3CD1483178}.Release_Extranet|x86.ActiveCfg = Release|Any CPU
		{CE9809A2-AE38-4FDA-88C1-0E3CD1483178}.Release_Extranet|x86.Build.0 = Release|Any CPU
		{CE9809A2-AE38-4FDA-88C1-0E3CD1483178}.Release|Any CPU.ActiveCfg = Release|Any CPU
		{CE9809A2-AE38-4FDA-88C1-0E3CD1483178}.Release|Any CPU.Build.0 = Release|Any CPU
		{CE9809A2-AE38-4FDA-88C1-0E3CD1483178}.Release|ARM.ActiveCfg = Release|Any CPU
		{CE9809A2-AE38-4FDA-88C1-0E3CD1483178}.Release|ARM.Build.0 = Release|Any CPU
		{CE9809A2-AE38-4FDA-88C1-0E3CD1483178}.Release|Mixed Platforms.ActiveCfg = Release|Any CPU
		{CE9809A2-AE38-4FDA-88C1-0E3CD1483178}.Release|Mixed Platforms.Build.0 = Release|Any CPU
		{CE9809A2-AE38-4FDA-88C1-0E3CD1483178}.Release|x64.ActiveCfg = Release|Any CPU
		{CE9809A2-AE38-4FDA-88C1-0E3CD1483178}.Release|x64.Build.0 = Release|Any CPU
		{CE9809A2-AE38-4FDA-88C1-0E3CD1483178}.Release|x86.ActiveCfg = Release|Any CPU
		{CE9809A2-AE38-4FDA-88C1-0E3CD1483178}.Release|x86.Build.0 = Release|Any CPU
		{CE9809A2-AE38-4FDA-88C1-0E3CD1483178}.SingleImage|Any CPU.ActiveCfg = Release|Any CPU
		{CE9809A2-AE38-4FDA-88C1-0E3CD1483178}.SingleImage|Any CPU.Build.0 = Release|Any CPU
		{CE9809A2-AE38-4FDA-88C1-0E3CD1483178}.SingleImage|ARM.ActiveCfg = Release|Any CPU
		{CE9809A2-AE38-4FDA-88C1-0E3CD1483178}.SingleImage|ARM.Build.0 = Release|Any CPU
		{CE9809A2-AE38-4FDA-88C1-0E3CD1483178}.SingleImage|Mixed Platforms.ActiveCfg = Release|Any CPU
		{CE9809A2-AE38-4FDA-88C1-0E3CD1483178}.SingleImage|Mixed Platforms.Build.0 = Release|Any CPU
		{CE9809A2-AE38-4FDA-88C1-0E3CD1483178}.SingleImage|x64.ActiveCfg = Release|Any CPU
		{CE9809A2-AE38-4FDA-88C1-0E3CD1483178}.SingleImage|x64.Build.0 = Release|Any CPU
		{CE9809A2-AE38-4FDA-88C1-0E3CD1483178}.SingleImage|x86.ActiveCfg = Release|Any CPU
		{CE9809A2-AE38-4FDA-88C1-0E3CD1483178}.SingleImage|x86.Build.0 = Release|Any CPU
		{3283DECE-6B4E-4009-A3A7-1370E6C0E053}.CD_ROM|Any CPU.ActiveCfg = Debug_Extranet|Any CPU
		{3283DECE-6B4E-4009-A3A7-1370E6C0E053}.CD_ROM|Any CPU.Build.0 = Debug_Extranet|Any CPU
		{3283DECE-6B4E-4009-A3A7-1370E6C0E053}.CD_ROM|ARM.ActiveCfg = Debug_Extranet|Any CPU
		{3283DECE-6B4E-4009-A3A7-1370E6C0E053}.CD_ROM|ARM.Build.0 = Debug_Extranet|Any CPU
		{3283DECE-6B4E-4009-A3A7-1370E6C0E053}.CD_ROM|Mixed Platforms.ActiveCfg = Debug_Extranet|Any CPU
		{3283DECE-6B4E-4009-A3A7-1370E6C0E053}.CD_ROM|Mixed Platforms.Build.0 = Debug_Extranet|Any CPU
		{3283DECE-6B4E-4009-A3A7-1370E6C0E053}.CD_ROM|x64.ActiveCfg = Debug_Extranet|Any CPU
		{3283DECE-6B4E-4009-A3A7-1370E6C0E053}.CD_ROM|x64.Build.0 = Debug_Extranet|Any CPU
		{3283DECE-6B4E-4009-A3A7-1370E6C0E053}.CD_ROM|x86.ActiveCfg = Debug_Extranet|Any CPU
		{3283DECE-6B4E-4009-A3A7-1370E6C0E053}.CD_ROM|x86.Build.0 = Debug_Extranet|Any CPU
		{3283DECE-6B4E-4009-A3A7-1370E6C0E053}.Debug_Extranet|Any CPU.ActiveCfg = Debug_Extranet|Any CPU
		{3283DECE-6B4E-4009-A3A7-1370E6C0E053}.Debug_Extranet|Any CPU.Build.0 = Debug_Extranet|Any CPU
		{3283DECE-6B4E-4009-A3A7-1370E6C0E053}.Debug_Extranet|ARM.ActiveCfg = Debug_Extranet|Any CPU
		{3283DECE-6B4E-4009-A3A7-1370E6C0E053}.Debug_Extranet|ARM.Build.0 = Debug_Extranet|Any CPU
		{3283DECE-6B4E-4009-A3A7-1370E6C0E053}.Debug_Extranet|Mixed Platforms.ActiveCfg = Debug_Extranet|Any CPU
		{3283DECE-6B4E-4009-A3A7-1370E6C0E053}.Debug_Extranet|Mixed Platforms.Build.0 = Debug_Extranet|Any CPU
		{3283DECE-6B4E-4009-A3A7-1370E6C0E053}.Debug_Extranet|x64.ActiveCfg = Debug_Extranet|Any CPU
		{3283DECE-6B4E-4009-A3A7-1370E6C0E053}.Debug_Extranet|x64.Build.0 = Debug_Extranet|Any CPU
		{3283DECE-6B4E-4009-A3A7-1370E6C0E053}.Debug_Extranet|x86.ActiveCfg = Debug_Extranet|Any CPU
		{3283DECE-6B4E-4009-A3A7-1370E6C0E053}.Debug_Extranet|x86.Build.0 = Debug_Extranet|Any CPU
		{3283DECE-6B4E-4009-A3A7-1370E6C0E053}.Debug|Any CPU.ActiveCfg = Debug|Any CPU
		{3283DECE-6B4E-4009-A3A7-1370E6C0E053}.Debug|Any CPU.Build.0 = Debug|Any CPU
		{3283DECE-6B4E-4009-A3A7-1370E6C0E053}.Debug|ARM.ActiveCfg = Debug|Any CPU
		{3283DECE-6B4E-4009-A3A7-1370E6C0E053}.Debug|ARM.Build.0 = Debug|Any CPU
		{3283DECE-6B4E-4009-A3A7-1370E6C0E053}.Debug|Mixed Platforms.ActiveCfg = Debug|Any CPU
		{3283DECE-6B4E-4009-A3A7-1370E6C0E053}.Debug|Mixed Platforms.Build.0 = Debug|Any CPU
		{3283DECE-6B4E-4009-A3A7-1370E6C0E053}.Debug|x64.ActiveCfg = Debug|Any CPU
		{3283DECE-6B4E-4009-A3A7-1370E6C0E053}.Debug|x64.Build.0 = Debug|Any CPU
		{3283DECE-6B4E-4009-A3A7-1370E6C0E053}.Debug|x86.ActiveCfg = Debug|Any CPU
		{3283DECE-6B4E-4009-A3A7-1370E6C0E053}.Debug|x86.Build.0 = Debug|Any CPU
		{3283DECE-6B4E-4009-A3A7-1370E6C0E053}.DVD-5|Any CPU.ActiveCfg = Debug_Extranet|Any CPU
		{3283DECE-6B4E-4009-A3A7-1370E6C0E053}.DVD-5|Any CPU.Build.0 = Debug_Extranet|Any CPU
		{3283DECE-6B4E-4009-A3A7-1370E6C0E053}.DVD-5|ARM.ActiveCfg = Debug_Extranet|Any CPU
		{3283DECE-6B4E-4009-A3A7-1370E6C0E053}.DVD-5|ARM.Build.0 = Debug_Extranet|Any CPU
		{3283DECE-6B4E-4009-A3A7-1370E6C0E053}.DVD-5|Mixed Platforms.ActiveCfg = Debug_Extranet|Any CPU
		{3283DECE-6B4E-4009-A3A7-1370E6C0E053}.DVD-5|Mixed Platforms.Build.0 = Debug_Extranet|Any CPU
		{3283DECE-6B4E-4009-A3A7-1370E6C0E053}.DVD-5|x64.ActiveCfg = Debug_Extranet|Any CPU
		{3283DECE-6B4E-4009-A3A7-1370E6C0E053}.DVD-5|x64.Build.0 = Debug_Extranet|Any CPU
		{3283DECE-6B4E-4009-A3A7-1370E6C0E053}.DVD-5|x86.ActiveCfg = Debug_Extranet|Any CPU
		{3283DECE-6B4E-4009-A3A7-1370E6C0E053}.DVD-5|x86.Build.0 = Debug_Extranet|Any CPU
		{3283DECE-6B4E-4009-A3A7-1370E6C0E053}.GertakariakMS|Any CPU.ActiveCfg = GertakariakMS|Any CPU
		{3283DECE-6B4E-4009-A3A7-1370E6C0E053}.GertakariakMS|Any CPU.Build.0 = GertakariakMS|Any CPU
		{3283DECE-6B4E-4009-A3A7-1370E6C0E053}.GertakariakMS|ARM.ActiveCfg = GertakariakMS|Any CPU
		{3283DECE-6B4E-4009-A3A7-1370E6C0E053}.GertakariakMS|ARM.Build.0 = GertakariakMS|Any CPU
		{3283DECE-6B4E-4009-A3A7-1370E6C0E053}.GertakariakMS|Mixed Platforms.ActiveCfg = GertakariakMS|Any CPU
		{3283DECE-6B4E-4009-A3A7-1370E6C0E053}.GertakariakMS|Mixed Platforms.Build.0 = GertakariakMS|Any CPU
		{3283DECE-6B4E-4009-A3A7-1370E6C0E053}.GertakariakMS|x64.ActiveCfg = GertakariakMS|Any CPU
		{3283DECE-6B4E-4009-A3A7-1370E6C0E053}.GertakariakMS|x64.Build.0 = GertakariakMS|Any CPU
		{3283DECE-6B4E-4009-A3A7-1370E6C0E053}.GertakariakMS|x86.ActiveCfg = GertakariakMS|Any CPU
		{3283DECE-6B4E-4009-A3A7-1370E6C0E053}.GertakariakMS|x86.Build.0 = GertakariakMS|Any CPU
		{3283DECE-6B4E-4009-A3A7-1370E6C0E053}.Istriku_Debug|Any CPU.ActiveCfg = Istriku_Release|Any CPU
		{3283DECE-6B4E-4009-A3A7-1370E6C0E053}.Istriku_Debug|Any CPU.Build.0 = Istriku_Release|Any CPU
		{3283DECE-6B4E-4009-A3A7-1370E6C0E053}.Istriku_Debug|ARM.ActiveCfg = Istriku_Release|Any CPU
		{3283DECE-6B4E-4009-A3A7-1370E6C0E053}.Istriku_Debug|ARM.Build.0 = Istriku_Release|Any CPU
		{3283DECE-6B4E-4009-A3A7-1370E6C0E053}.Istriku_Debug|Mixed Platforms.ActiveCfg = Istriku_Release|Any CPU
		{3283DECE-6B4E-4009-A3A7-1370E6C0E053}.Istriku_Debug|Mixed Platforms.Build.0 = Istriku_Release|Any CPU
		{3283DECE-6B4E-4009-A3A7-1370E6C0E053}.Istriku_Debug|x64.ActiveCfg = Istriku_Release|Any CPU
		{3283DECE-6B4E-4009-A3A7-1370E6C0E053}.Istriku_Debug|x64.Build.0 = Istriku_Release|Any CPU
		{3283DECE-6B4E-4009-A3A7-1370E6C0E053}.Istriku_Debug|x86.ActiveCfg = Istriku_Release|Any CPU
		{3283DECE-6B4E-4009-A3A7-1370E6C0E053}.Istriku_Debug|x86.Build.0 = Istriku_Release|Any CPU
		{3283DECE-6B4E-4009-A3A7-1370E6C0E053}.Istriku_Release|Any CPU.ActiveCfg = Istriku_Release|Any CPU
		{3283DECE-6B4E-4009-A3A7-1370E6C0E053}.Istriku_Release|Any CPU.Build.0 = Istriku_Release|Any CPU
		{3283DECE-6B4E-4009-A3A7-1370E6C0E053}.Istriku_Release|ARM.ActiveCfg = Istriku_Release|Any CPU
		{3283DECE-6B4E-4009-A3A7-1370E6C0E053}.Istriku_Release|ARM.Build.0 = Istriku_Release|Any CPU
		{3283DECE-6B4E-4009-A3A7-1370E6C0E053}.Istriku_Release|Mixed Platforms.ActiveCfg = Istriku_Release|Any CPU
		{3283DECE-6B4E-4009-A3A7-1370E6C0E053}.Istriku_Release|Mixed Platforms.Build.0 = Istriku_Release|Any CPU
		{3283DECE-6B4E-4009-A3A7-1370E6C0E053}.Istriku_Release|x64.ActiveCfg = Istriku_Release|Any CPU
		{3283DECE-6B4E-4009-A3A7-1370E6C0E053}.Istriku_Release|x64.Build.0 = Istriku_Release|Any CPU
		{3283DECE-6B4E-4009-A3A7-1370E6C0E053}.Istriku_Release|x86.ActiveCfg = Istriku_Release|Any CPU
		{3283DECE-6B4E-4009-A3A7-1370E6C0E053}.Istriku_Release|x86.Build.0 = Istriku_Release|Any CPU
		{3283DECE-6B4E-4009-A3A7-1370E6C0E053}.Release_Extranet|Any CPU.ActiveCfg = Release_Extranet|Any CPU
		{3283DECE-6B4E-4009-A3A7-1370E6C0E053}.Release_Extranet|Any CPU.Build.0 = Release_Extranet|Any CPU
		{3283DECE-6B4E-4009-A3A7-1370E6C0E053}.Release_Extranet|ARM.ActiveCfg = Release_Extranet|Any CPU
		{3283DECE-6B4E-4009-A3A7-1370E6C0E053}.Release_Extranet|ARM.Build.0 = Release_Extranet|Any CPU
		{3283DECE-6B4E-4009-A3A7-1370E6C0E053}.Release_Extranet|Mixed Platforms.ActiveCfg = Release_Extranet|Any CPU
		{3283DECE-6B4E-4009-A3A7-1370E6C0E053}.Release_Extranet|Mixed Platforms.Build.0 = Release_Extranet|Any CPU
		{3283DECE-6B4E-4009-A3A7-1370E6C0E053}.Release_Extranet|x64.ActiveCfg = Release_Extranet|Any CPU
		{3283DECE-6B4E-4009-A3A7-1370E6C0E053}.Release_Extranet|x64.Build.0 = Release_Extranet|Any CPU
		{3283DECE-6B4E-4009-A3A7-1370E6C0E053}.Release_Extranet|x86.ActiveCfg = Release_Extranet|Any CPU
		{3283DECE-6B4E-4009-A3A7-1370E6C0E053}.Release_Extranet|x86.Build.0 = Release_Extranet|Any CPU
		{3283DECE-6B4E-4009-A3A7-1370E6C0E053}.Release|Any CPU.ActiveCfg = Release|Any CPU
		{3283DECE-6B4E-4009-A3A7-1370E6C0E053}.Release|Any CPU.Build.0 = Release|Any CPU
		{3283DECE-6B4E-4009-A3A7-1370E6C0E053}.Release|ARM.ActiveCfg = Release|Any CPU
		{3283DECE-6B4E-4009-A3A7-1370E6C0E053}.Release|ARM.Build.0 = Release|Any CPU
		{3283DECE-6B4E-4009-A3A7-1370E6C0E053}.Release|Mixed Platforms.ActiveCfg = Release|Any CPU
		{3283DECE-6B4E-4009-A3A7-1370E6C0E053}.Release|Mixed Platforms.Build.0 = Release|Any CPU
		{3283DECE-6B4E-4009-A3A7-1370E6C0E053}.Release|x64.ActiveCfg = Release|Any CPU
		{3283DECE-6B4E-4009-A3A7-1370E6C0E053}.Release|x64.Build.0 = Release|Any CPU
		{3283DECE-6B4E-4009-A3A7-1370E6C0E053}.Release|x86.ActiveCfg = Release|Any CPU
		{3283DECE-6B4E-4009-A3A7-1370E6C0E053}.Release|x86.Build.0 = Release|Any CPU
		{3283DECE-6B4E-4009-A3A7-1370E6C0E053}.SingleImage|Any CPU.ActiveCfg = Debug_Extranet|Any CPU
		{3283DECE-6B4E-4009-A3A7-1370E6C0E053}.SingleImage|Any CPU.Build.0 = Debug_Extranet|Any CPU
		{3283DECE-6B4E-4009-A3A7-1370E6C0E053}.SingleImage|ARM.ActiveCfg = Debug_Extranet|Any CPU
		{3283DECE-6B4E-4009-A3A7-1370E6C0E053}.SingleImage|ARM.Build.0 = Debug_Extranet|Any CPU
		{3283DECE-6B4E-4009-A3A7-1370E6C0E053}.SingleImage|Mixed Platforms.ActiveCfg = Debug_Extranet|Any CPU
		{3283DECE-6B4E-4009-A3A7-1370E6C0E053}.SingleImage|Mixed Platforms.Build.0 = Debug_Extranet|Any CPU
		{3283DECE-6B4E-4009-A3A7-1370E6C0E053}.SingleImage|x64.ActiveCfg = Debug_Extranet|Any CPU
		{3283DECE-6B4E-4009-A3A7-1370E6C0E053}.SingleImage|x64.Build.0 = Debug_Extranet|Any CPU
		{3283DECE-6B4E-4009-A3A7-1370E6C0E053}.SingleImage|x86.ActiveCfg = Debug_Extranet|Any CPU
		{3283DECE-6B4E-4009-A3A7-1370E6C0E053}.SingleImage|x86.Build.0 = Debug_Extranet|Any CPU
		{9FBD65F9-188E-48EF-98BF-FE37528DF89C}.CD_ROM|Any CPU.ActiveCfg = Debug_Extranet|Any CPU
		{9FBD65F9-188E-48EF-98BF-FE37528DF89C}.CD_ROM|Any CPU.Build.0 = Debug_Extranet|Any CPU
		{9FBD65F9-188E-48EF-98BF-FE37528DF89C}.CD_ROM|ARM.ActiveCfg = Debug_Extranet|Any CPU
		{9FBD65F9-188E-48EF-98BF-FE37528DF89C}.CD_ROM|ARM.Build.0 = Debug_Extranet|Any CPU
		{9FBD65F9-188E-48EF-98BF-FE37528DF89C}.CD_ROM|Mixed Platforms.ActiveCfg = Debug_Extranet|Any CPU
		{9FBD65F9-188E-48EF-98BF-FE37528DF89C}.CD_ROM|Mixed Platforms.Build.0 = Debug_Extranet|Any CPU
		{9FBD65F9-188E-48EF-98BF-FE37528DF89C}.CD_ROM|x64.ActiveCfg = Debug_Extranet|Any CPU
		{9FBD65F9-188E-48EF-98BF-FE37528DF89C}.CD_ROM|x64.Build.0 = Debug_Extranet|Any CPU
		{9FBD65F9-188E-48EF-98BF-FE37528DF89C}.CD_ROM|x86.ActiveCfg = Debug_Extranet|Any CPU
		{9FBD65F9-188E-48EF-98BF-FE37528DF89C}.CD_ROM|x86.Build.0 = Debug_Extranet|Any CPU
		{9FBD65F9-188E-48EF-98BF-FE37528DF89C}.Debug_Extranet|Any CPU.ActiveCfg = Debug_Extranet|Any CPU
		{9FBD65F9-188E-48EF-98BF-FE37528DF89C}.Debug_Extranet|Any CPU.Build.0 = Debug_Extranet|Any CPU
		{9FBD65F9-188E-48EF-98BF-FE37528DF89C}.Debug_Extranet|ARM.ActiveCfg = Debug_Extranet|Any CPU
		{9FBD65F9-188E-48EF-98BF-FE37528DF89C}.Debug_Extranet|ARM.Build.0 = Debug_Extranet|Any CPU
		{9FBD65F9-188E-48EF-98BF-FE37528DF89C}.Debug_Extranet|Mixed Platforms.ActiveCfg = Debug_Extranet|Any CPU
		{9FBD65F9-188E-48EF-98BF-FE37528DF89C}.Debug_Extranet|Mixed Platforms.Build.0 = Debug_Extranet|Any CPU
		{9FBD65F9-188E-48EF-98BF-FE37528DF89C}.Debug_Extranet|x64.ActiveCfg = Debug_Extranet|Any CPU
		{9FBD65F9-188E-48EF-98BF-FE37528DF89C}.Debug_Extranet|x64.Build.0 = Debug_Extranet|Any CPU
		{9FBD65F9-188E-48EF-98BF-FE37528DF89C}.Debug_Extranet|x86.ActiveCfg = Debug_Extranet|Any CPU
		{9FBD65F9-188E-48EF-98BF-FE37528DF89C}.Debug_Extranet|x86.Build.0 = Debug_Extranet|Any CPU
		{9FBD65F9-188E-48EF-98BF-FE37528DF89C}.Debug|Any CPU.ActiveCfg = Debug|Any CPU
		{9FBD65F9-188E-48EF-98BF-FE37528DF89C}.Debug|Any CPU.Build.0 = Debug|Any CPU
		{9FBD65F9-188E-48EF-98BF-FE37528DF89C}.Debug|ARM.ActiveCfg = Debug|Any CPU
		{9FBD65F9-188E-48EF-98BF-FE37528DF89C}.Debug|ARM.Build.0 = Debug|Any CPU
		{9FBD65F9-188E-48EF-98BF-FE37528DF89C}.Debug|Mixed Platforms.ActiveCfg = Debug|Any CPU
		{9FBD65F9-188E-48EF-98BF-FE37528DF89C}.Debug|Mixed Platforms.Build.0 = Debug|Any CPU
		{9FBD65F9-188E-48EF-98BF-FE37528DF89C}.Debug|x64.ActiveCfg = Debug|Any CPU
		{9FBD65F9-188E-48EF-98BF-FE37528DF89C}.Debug|x64.Build.0 = Debug|Any CPU
		{9FBD65F9-188E-48EF-98BF-FE37528DF89C}.Debug|x86.ActiveCfg = Debug|Any CPU
		{9FBD65F9-188E-48EF-98BF-FE37528DF89C}.Debug|x86.Build.0 = Debug|Any CPU
		{9FBD65F9-188E-48EF-98BF-FE37528DF89C}.DVD-5|Any CPU.ActiveCfg = Debug_Extranet|Any CPU
		{9FBD65F9-188E-48EF-98BF-FE37528DF89C}.DVD-5|Any CPU.Build.0 = Debug_Extranet|Any CPU
		{9FBD65F9-188E-48EF-98BF-FE37528DF89C}.DVD-5|ARM.ActiveCfg = Debug_Extranet|Any CPU
		{9FBD65F9-188E-48EF-98BF-FE37528DF89C}.DVD-5|ARM.Build.0 = Debug_Extranet|Any CPU
		{9FBD65F9-188E-48EF-98BF-FE37528DF89C}.DVD-5|Mixed Platforms.ActiveCfg = Debug_Extranet|Any CPU
		{9FBD65F9-188E-48EF-98BF-FE37528DF89C}.DVD-5|Mixed Platforms.Build.0 = Debug_Extranet|Any CPU
		{9FBD65F9-188E-48EF-98BF-FE37528DF89C}.DVD-5|x64.ActiveCfg = Debug_Extranet|Any CPU
		{9FBD65F9-188E-48EF-98BF-FE37528DF89C}.DVD-5|x64.Build.0 = Debug_Extranet|Any CPU
		{9FBD65F9-188E-48EF-98BF-FE37528DF89C}.DVD-5|x86.ActiveCfg = Debug_Extranet|Any CPU
		{9FBD65F9-188E-48EF-98BF-FE37528DF89C}.DVD-5|x86.Build.0 = Debug_Extranet|Any CPU
		{9FBD65F9-188E-48EF-98BF-FE37528DF89C}.GertakariakMS|Any CPU.ActiveCfg = Debug_Extranet|Any CPU
		{9FBD65F9-188E-48EF-98BF-FE37528DF89C}.GertakariakMS|Any CPU.Build.0 = Debug_Extranet|Any CPU
		{9FBD65F9-188E-48EF-98BF-FE37528DF89C}.GertakariakMS|ARM.ActiveCfg = Debug_Extranet|Any CPU
		{9FBD65F9-188E-48EF-98BF-FE37528DF89C}.GertakariakMS|ARM.Build.0 = Debug_Extranet|Any CPU
		{9FBD65F9-188E-48EF-98BF-FE37528DF89C}.GertakariakMS|Mixed Platforms.ActiveCfg = Debug_Extranet|Any CPU
		{9FBD65F9-188E-48EF-98BF-FE37528DF89C}.GertakariakMS|Mixed Platforms.Build.0 = Debug_Extranet|Any CPU
		{9FBD65F9-188E-48EF-98BF-FE37528DF89C}.GertakariakMS|x64.ActiveCfg = Debug_Extranet|Any CPU
		{9FBD65F9-188E-48EF-98BF-FE37528DF89C}.GertakariakMS|x64.Build.0 = Debug_Extranet|Any CPU
		{9FBD65F9-188E-48EF-98BF-FE37528DF89C}.GertakariakMS|x86.ActiveCfg = Debug_Extranet|Any CPU
		{9FBD65F9-188E-48EF-98BF-FE37528DF89C}.GertakariakMS|x86.Build.0 = Debug_Extranet|Any CPU
		{9FBD65F9-188E-48EF-98BF-FE37528DF89C}.Istriku_Debug|Any CPU.ActiveCfg = Debug|Any CPU
		{9FBD65F9-188E-48EF-98BF-FE37528DF89C}.Istriku_Debug|Any CPU.Build.0 = Debug|Any CPU
		{9FBD65F9-188E-48EF-98BF-FE37528DF89C}.Istriku_Debug|ARM.ActiveCfg = Debug|Any CPU
		{9FBD65F9-188E-48EF-98BF-FE37528DF89C}.Istriku_Debug|ARM.Build.0 = Debug|Any CPU
		{9FBD65F9-188E-48EF-98BF-FE37528DF89C}.Istriku_Debug|Mixed Platforms.ActiveCfg = Debug|Any CPU
		{9FBD65F9-188E-48EF-98BF-FE37528DF89C}.Istriku_Debug|Mixed Platforms.Build.0 = Debug|Any CPU
		{9FBD65F9-188E-48EF-98BF-FE37528DF89C}.Istriku_Debug|x64.ActiveCfg = Debug|Any CPU
		{9FBD65F9-188E-48EF-98BF-FE37528DF89C}.Istriku_Debug|x64.Build.0 = Debug|Any CPU
		{9FBD65F9-188E-48EF-98BF-FE37528DF89C}.Istriku_Debug|x86.ActiveCfg = Debug|Any CPU
		{9FBD65F9-188E-48EF-98BF-FE37528DF89C}.Istriku_Debug|x86.Build.0 = Debug|Any CPU
		{9FBD65F9-188E-48EF-98BF-FE37528DF89C}.Istriku_Release|Any CPU.ActiveCfg = Release|Any CPU
		{9FBD65F9-188E-48EF-98BF-FE37528DF89C}.Istriku_Release|Any CPU.Build.0 = Release|Any CPU
		{9FBD65F9-188E-48EF-98BF-FE37528DF89C}.Istriku_Release|ARM.ActiveCfg = Release|Any CPU
		{9FBD65F9-188E-48EF-98BF-FE37528DF89C}.Istriku_Release|ARM.Build.0 = Release|Any CPU
		{9FBD65F9-188E-48EF-98BF-FE37528DF89C}.Istriku_Release|Mixed Platforms.ActiveCfg = Release|Any CPU
		{9FBD65F9-188E-48EF-98BF-FE37528DF89C}.Istriku_Release|Mixed Platforms.Build.0 = Release|Any CPU
		{9FBD65F9-188E-48EF-98BF-FE37528DF89C}.Istriku_Release|x64.ActiveCfg = Release|Any CPU
		{9FBD65F9-188E-48EF-98BF-FE37528DF89C}.Istriku_Release|x64.Build.0 = Release|Any CPU
		{9FBD65F9-188E-48EF-98BF-FE37528DF89C}.Istriku_Release|x86.ActiveCfg = Release|Any CPU
		{9FBD65F9-188E-48EF-98BF-FE37528DF89C}.Istriku_Release|x86.Build.0 = Release|Any CPU
		{9FBD65F9-188E-48EF-98BF-FE37528DF89C}.Release_Extranet|Any CPU.ActiveCfg = Release_Extranet|Any CPU
		{9FBD65F9-188E-48EF-98BF-FE37528DF89C}.Release_Extranet|Any CPU.Build.0 = Release_Extranet|Any CPU
		{9FBD65F9-188E-48EF-98BF-FE37528DF89C}.Release_Extranet|ARM.ActiveCfg = Release_Extranet|Any CPU
		{9FBD65F9-188E-48EF-98BF-FE37528DF89C}.Release_Extranet|ARM.Build.0 = Release_Extranet|Any CPU
		{9FBD65F9-188E-48EF-98BF-FE37528DF89C}.Release_Extranet|Mixed Platforms.ActiveCfg = Release_Extranet|Any CPU
		{9FBD65F9-188E-48EF-98BF-FE37528DF89C}.Release_Extranet|Mixed Platforms.Build.0 = Release_Extranet|Any CPU
		{9FBD65F9-188E-48EF-98BF-FE37528DF89C}.Release_Extranet|x64.ActiveCfg = Release_Extranet|Any CPU
		{9FBD65F9-188E-48EF-98BF-FE37528DF89C}.Release_Extranet|x64.Build.0 = Release_Extranet|Any CPU
		{9FBD65F9-188E-48EF-98BF-FE37528DF89C}.Release_Extranet|x86.ActiveCfg = Release_Extranet|Any CPU
		{9FBD65F9-188E-48EF-98BF-FE37528DF89C}.Release_Extranet|x86.Build.0 = Release_Extranet|Any CPU
		{9FBD65F9-188E-48EF-98BF-FE37528DF89C}.Release|Any CPU.ActiveCfg = Release|Any CPU
		{9FBD65F9-188E-48EF-98BF-FE37528DF89C}.Release|Any CPU.Build.0 = Release|Any CPU
		{9FBD65F9-188E-48EF-98BF-FE37528DF89C}.Release|ARM.ActiveCfg = Release|Any CPU
		{9FBD65F9-188E-48EF-98BF-FE37528DF89C}.Release|ARM.Build.0 = Release|Any CPU
		{9FBD65F9-188E-48EF-98BF-FE37528DF89C}.Release|Mixed Platforms.ActiveCfg = Release|Any CPU
		{9FBD65F9-188E-48EF-98BF-FE37528DF89C}.Release|Mixed Platforms.Build.0 = Release|Any CPU
		{9FBD65F9-188E-48EF-98BF-FE37528DF89C}.Release|x64.ActiveCfg = Release|Any CPU
		{9FBD65F9-188E-48EF-98BF-FE37528DF89C}.Release|x64.Build.0 = Release|Any CPU
		{9FBD65F9-188E-48EF-98BF-FE37528DF89C}.Release|x86.ActiveCfg = Release|Any CPU
		{9FBD65F9-188E-48EF-98BF-FE37528DF89C}.Release|x86.Build.0 = Release|Any CPU
		{9FBD65F9-188E-48EF-98BF-FE37528DF89C}.SingleImage|Any CPU.ActiveCfg = Debug_Extranet|Any CPU
		{9FBD65F9-188E-48EF-98BF-FE37528DF89C}.SingleImage|Any CPU.Build.0 = Debug_Extranet|Any CPU
		{9FBD65F9-188E-48EF-98BF-FE37528DF89C}.SingleImage|ARM.ActiveCfg = Debug_Extranet|Any CPU
		{9FBD65F9-188E-48EF-98BF-FE37528DF89C}.SingleImage|ARM.Build.0 = Debug_Extranet|Any CPU
		{9FBD65F9-188E-48EF-98BF-FE37528DF89C}.SingleImage|Mixed Platforms.ActiveCfg = Debug_Extranet|Any CPU
		{9FBD65F9-188E-48EF-98BF-FE37528DF89C}.SingleImage|Mixed Platforms.Build.0 = Debug_Extranet|Any CPU
		{9FBD65F9-188E-48EF-98BF-FE37528DF89C}.SingleImage|x64.ActiveCfg = Debug_Extranet|Any CPU
		{9FBD65F9-188E-48EF-98BF-FE37528DF89C}.SingleImage|x64.Build.0 = Debug_Extranet|Any CPU
		{9FBD65F9-188E-48EF-98BF-FE37528DF89C}.SingleImage|x86.ActiveCfg = Debug_Extranet|Any CPU
		{9FBD65F9-188E-48EF-98BF-FE37528DF89C}.SingleImage|x86.Build.0 = Debug_Extranet|Any CPU
		{694E5787-9942-4390-88B4-E1C180685F36}.CD_ROM|Any CPU.ActiveCfg = Release|Any CPU
		{694E5787-9942-4390-88B4-E1C180685F36}.CD_ROM|Any CPU.Build.0 = Release|Any CPU
		{694E5787-9942-4390-88B4-E1C180685F36}.CD_ROM|ARM.ActiveCfg = Release|Any CPU
		{694E5787-9942-4390-88B4-E1C180685F36}.CD_ROM|ARM.Build.0 = Release|Any CPU
		{694E5787-9942-4390-88B4-E1C180685F36}.CD_ROM|Mixed Platforms.ActiveCfg = Release|Any CPU
		{694E5787-9942-4390-88B4-E1C180685F36}.CD_ROM|Mixed Platforms.Build.0 = Release|Any CPU
		{694E5787-9942-4390-88B4-E1C180685F36}.CD_ROM|x64.ActiveCfg = Release|Any CPU
		{694E5787-9942-4390-88B4-E1C180685F36}.CD_ROM|x64.Build.0 = Release|Any CPU
		{694E5787-9942-4390-88B4-E1C180685F36}.CD_ROM|x86.ActiveCfg = Release|Any CPU
		{694E5787-9942-4390-88B4-E1C180685F36}.CD_ROM|x86.Build.0 = Release|Any CPU
		{694E5787-9942-4390-88B4-E1C180685F36}.Debug_Extranet|Any CPU.ActiveCfg = Debug|Any CPU
		{694E5787-9942-4390-88B4-E1C180685F36}.Debug_Extranet|Any CPU.Build.0 = Debug|Any CPU
		{694E5787-9942-4390-88B4-E1C180685F36}.Debug_Extranet|ARM.ActiveCfg = Debug|Any CPU
		{694E5787-9942-4390-88B4-E1C180685F36}.Debug_Extranet|ARM.Build.0 = Debug|Any CPU
		{694E5787-9942-4390-88B4-E1C180685F36}.Debug_Extranet|Mixed Platforms.ActiveCfg = Debug|Any CPU
		{694E5787-9942-4390-88B4-E1C180685F36}.Debug_Extranet|Mixed Platforms.Build.0 = Debug|Any CPU
		{694E5787-9942-4390-88B4-E1C180685F36}.Debug_Extranet|x64.ActiveCfg = Debug|Any CPU
		{694E5787-9942-4390-88B4-E1C180685F36}.Debug_Extranet|x64.Build.0 = Debug|Any CPU
		{694E5787-9942-4390-88B4-E1C180685F36}.Debug_Extranet|x86.ActiveCfg = Debug|Any CPU
		{694E5787-9942-4390-88B4-E1C180685F36}.Debug_Extranet|x86.Build.0 = Debug|Any CPU
		{694E5787-9942-4390-88B4-E1C180685F36}.Debug|Any CPU.ActiveCfg = Debug|Any CPU
		{694E5787-9942-4390-88B4-E1C180685F36}.Debug|Any CPU.Build.0 = Debug|Any CPU
		{694E5787-9942-4390-88B4-E1C180685F36}.Debug|ARM.ActiveCfg = Debug|Any CPU
		{694E5787-9942-4390-88B4-E1C180685F36}.Debug|ARM.Build.0 = Debug|Any CPU
		{694E5787-9942-4390-88B4-E1C180685F36}.Debug|Mixed Platforms.ActiveCfg = Debug|Any CPU
		{694E5787-9942-4390-88B4-E1C180685F36}.Debug|Mixed Platforms.Build.0 = Debug|Any CPU
		{694E5787-9942-4390-88B4-E1C180685F36}.Debug|x64.ActiveCfg = Debug|Any CPU
		{694E5787-9942-4390-88B4-E1C180685F36}.Debug|x64.Build.0 = Debug|Any CPU
		{694E5787-9942-4390-88B4-E1C180685F36}.Debug|x86.ActiveCfg = Debug|Any CPU
		{694E5787-9942-4390-88B4-E1C180685F36}.Debug|x86.Build.0 = Debug|Any CPU
		{694E5787-9942-4390-88B4-E1C180685F36}.DVD-5|Any CPU.ActiveCfg = Debug|Any CPU
		{694E5787-9942-4390-88B4-E1C180685F36}.DVD-5|Any CPU.Build.0 = Debug|Any CPU
		{694E5787-9942-4390-88B4-E1C180685F36}.DVD-5|ARM.ActiveCfg = Debug|Any CPU
		{694E5787-9942-4390-88B4-E1C180685F36}.DVD-5|ARM.Build.0 = Debug|Any CPU
		{694E5787-9942-4390-88B4-E1C180685F36}.DVD-5|Mixed Platforms.ActiveCfg = Debug|Any CPU
		{694E5787-9942-4390-88B4-E1C180685F36}.DVD-5|Mixed Platforms.Build.0 = Debug|Any CPU
		{694E5787-9942-4390-88B4-E1C180685F36}.DVD-5|x64.ActiveCfg = Debug|Any CPU
		{694E5787-9942-4390-88B4-E1C180685F36}.DVD-5|x64.Build.0 = Debug|Any CPU
		{694E5787-9942-4390-88B4-E1C180685F36}.DVD-5|x86.ActiveCfg = Debug|Any CPU
		{694E5787-9942-4390-88B4-E1C180685F36}.DVD-5|x86.Build.0 = Debug|Any CPU
		{694E5787-9942-4390-88B4-E1C180685F36}.GertakariakMS|Any CPU.ActiveCfg = Release|Any CPU
		{694E5787-9942-4390-88B4-E1C180685F36}.GertakariakMS|Any CPU.Build.0 = Release|Any CPU
		{694E5787-9942-4390-88B4-E1C180685F36}.GertakariakMS|ARM.ActiveCfg = Release|Any CPU
		{694E5787-9942-4390-88B4-E1C180685F36}.GertakariakMS|ARM.Build.0 = Release|Any CPU
		{694E5787-9942-4390-88B4-E1C180685F36}.GertakariakMS|Mixed Platforms.ActiveCfg = Release|Any CPU
		{694E5787-9942-4390-88B4-E1C180685F36}.GertakariakMS|Mixed Platforms.Build.0 = Release|Any CPU
		{694E5787-9942-4390-88B4-E1C180685F36}.GertakariakMS|x64.ActiveCfg = Release|Any CPU
		{694E5787-9942-4390-88B4-E1C180685F36}.GertakariakMS|x64.Build.0 = Release|Any CPU
		{694E5787-9942-4390-88B4-E1C180685F36}.GertakariakMS|x86.ActiveCfg = Release|Any CPU
		{694E5787-9942-4390-88B4-E1C180685F36}.GertakariakMS|x86.Build.0 = Release|Any CPU
		{694E5787-9942-4390-88B4-E1C180685F36}.Istriku_Debug|Any CPU.ActiveCfg = Debug|Any CPU
		{694E5787-9942-4390-88B4-E1C180685F36}.Istriku_Debug|Any CPU.Build.0 = Debug|Any CPU
		{694E5787-9942-4390-88B4-E1C180685F36}.Istriku_Debug|ARM.ActiveCfg = Debug|Any CPU
		{694E5787-9942-4390-88B4-E1C180685F36}.Istriku_Debug|ARM.Build.0 = Debug|Any CPU
		{694E5787-9942-4390-88B4-E1C180685F36}.Istriku_Debug|Mixed Platforms.ActiveCfg = Debug|Any CPU
		{694E5787-9942-4390-88B4-E1C180685F36}.Istriku_Debug|Mixed Platforms.Build.0 = Debug|Any CPU
		{694E5787-9942-4390-88B4-E1C180685F36}.Istriku_Debug|x64.ActiveCfg = Debug|Any CPU
		{694E5787-9942-4390-88B4-E1C180685F36}.Istriku_Debug|x64.Build.0 = Debug|Any CPU
		{694E5787-9942-4390-88B4-E1C180685F36}.Istriku_Debug|x86.ActiveCfg = Debug|Any CPU
		{694E5787-9942-4390-88B4-E1C180685F36}.Istriku_Debug|x86.Build.0 = Debug|Any CPU
		{694E5787-9942-4390-88B4-E1C180685F36}.Istriku_Release|Any CPU.ActiveCfg = Release|Any CPU
		{694E5787-9942-4390-88B4-E1C180685F36}.Istriku_Release|Any CPU.Build.0 = Release|Any CPU
		{694E5787-9942-4390-88B4-E1C180685F36}.Istriku_Release|ARM.ActiveCfg = Release|Any CPU
		{694E5787-9942-4390-88B4-E1C180685F36}.Istriku_Release|ARM.Build.0 = Release|Any CPU
		{694E5787-9942-4390-88B4-E1C180685F36}.Istriku_Release|Mixed Platforms.ActiveCfg = Release|Any CPU
		{694E5787-9942-4390-88B4-E1C180685F36}.Istriku_Release|Mixed Platforms.Build.0 = Release|Any CPU
		{694E5787-9942-4390-88B4-E1C180685F36}.Istriku_Release|x64.ActiveCfg = Release|Any CPU
		{694E5787-9942-4390-88B4-E1C180685F36}.Istriku_Release|x64.Build.0 = Release|Any CPU
		{694E5787-9942-4390-88B4-E1C180685F36}.Istriku_Release|x86.ActiveCfg = Release|Any CPU
		{694E5787-9942-4390-88B4-E1C180685F36}.Istriku_Release|x86.Build.0 = Release|Any CPU
		{694E5787-9942-4390-88B4-E1C180685F36}.Release_Extranet|Any CPU.ActiveCfg = Release|Any CPU
		{694E5787-9942-4390-88B4-E1C180685F36}.Release_Extranet|Any CPU.Build.0 = Release|Any CPU
		{694E5787-9942-4390-88B4-E1C180685F36}.Release_Extranet|ARM.ActiveCfg = Release|Any CPU
		{694E5787-9942-4390-88B4-E1C180685F36}.Release_Extranet|ARM.Build.0 = Release|Any CPU
		{694E5787-9942-4390-88B4-E1C180685F36}.Release_Extranet|Mixed Platforms.ActiveCfg = Release|Any CPU
		{694E5787-9942-4390-88B4-E1C180685F36}.Release_Extranet|Mixed Platforms.Build.0 = Release|Any CPU
		{694E5787-9942-4390-88B4-E1C180685F36}.Release_Extranet|x64.ActiveCfg = Release|Any CPU
		{694E5787-9942-4390-88B4-E1C180685F36}.Release_Extranet|x64.Build.0 = Release|Any CPU
		{694E5787-9942-4390-88B4-E1C180685F36}.Release_Extranet|x86.ActiveCfg = Release|Any CPU
		{694E5787-9942-4390-88B4-E1C180685F36}.Release_Extranet|x86.Build.0 = Release|Any CPU
		{694E5787-9942-4390-88B4-E1C180685F36}.Release|Any CPU.ActiveCfg = Release|Any CPU
		{694E5787-9942-4390-88B4-E1C180685F36}.Release|Any CPU.Build.0 = Release|Any CPU
		{694E5787-9942-4390-88B4-E1C180685F36}.Release|ARM.ActiveCfg = Release|Any CPU
		{694E5787-9942-4390-88B4-E1C180685F36}.Release|ARM.Build.0 = Release|Any CPU
		{694E5787-9942-4390-88B4-E1C180685F36}.Release|Mixed Platforms.ActiveCfg = Release|Any CPU
		{694E5787-9942-4390-88B4-E1C180685F36}.Release|Mixed Platforms.Build.0 = Release|Any CPU
		{694E5787-9942-4390-88B4-E1C180685F36}.Release|x64.ActiveCfg = Release|Any CPU
		{694E5787-9942-4390-88B4-E1C180685F36}.Release|x64.Build.0 = Release|Any CPU
		{694E5787-9942-4390-88B4-E1C180685F36}.Release|x86.ActiveCfg = Release|Any CPU
		{694E5787-9942-4390-88B4-E1C180685F36}.Release|x86.Build.0 = Release|Any CPU
		{694E5787-9942-4390-88B4-E1C180685F36}.SingleImage|Any CPU.ActiveCfg = Release|Any CPU
		{694E5787-9942-4390-88B4-E1C180685F36}.SingleImage|Any CPU.Build.0 = Release|Any CPU
		{694E5787-9942-4390-88B4-E1C180685F36}.SingleImage|ARM.ActiveCfg = Release|Any CPU
		{694E5787-9942-4390-88B4-E1C180685F36}.SingleImage|ARM.Build.0 = Release|Any CPU
		{694E5787-9942-4390-88B4-E1C180685F36}.SingleImage|Mixed Platforms.ActiveCfg = Release|Any CPU
		{694E5787-9942-4390-88B4-E1C180685F36}.SingleImage|Mixed Platforms.Build.0 = Release|Any CPU
		{694E5787-9942-4390-88B4-E1C180685F36}.SingleImage|x64.ActiveCfg = Release|Any CPU
		{694E5787-9942-4390-88B4-E1C180685F36}.SingleImage|x64.Build.0 = Release|Any CPU
		{694E5787-9942-4390-88B4-E1C180685F36}.SingleImage|x86.ActiveCfg = Release|Any CPU
		{694E5787-9942-4390-88B4-E1C180685F36}.SingleImage|x86.Build.0 = Release|Any CPU
		{0E619969-8585-4D6C-A20B-9848826A4F1D}.CD_ROM|Any CPU.ActiveCfg = Debug_Extranet|Any CPU
		{0E619969-8585-4D6C-A20B-9848826A4F1D}.CD_ROM|Any CPU.Build.0 = Debug_Extranet|Any CPU
		{0E619969-8585-4D6C-A20B-9848826A4F1D}.CD_ROM|ARM.ActiveCfg = Debug_Extranet|Any CPU
		{0E619969-8585-4D6C-A20B-9848826A4F1D}.CD_ROM|ARM.Build.0 = Debug_Extranet|Any CPU
		{0E619969-8585-4D6C-A20B-9848826A4F1D}.CD_ROM|Mixed Platforms.ActiveCfg = Debug_Extranet|Any CPU
		{0E619969-8585-4D6C-A20B-9848826A4F1D}.CD_ROM|Mixed Platforms.Build.0 = Debug_Extranet|Any CPU
		{0E619969-8585-4D6C-A20B-9848826A4F1D}.CD_ROM|x64.ActiveCfg = Debug_Extranet|Any CPU
		{0E619969-8585-4D6C-A20B-9848826A4F1D}.CD_ROM|x64.Build.0 = Debug_Extranet|Any CPU
		{0E619969-8585-4D6C-A20B-9848826A4F1D}.CD_ROM|x86.ActiveCfg = Debug_Extranet|Any CPU
		{0E619969-8585-4D6C-A20B-9848826A4F1D}.CD_ROM|x86.Build.0 = Debug_Extranet|Any CPU
		{0E619969-8585-4D6C-A20B-9848826A4F1D}.Debug_Extranet|Any CPU.ActiveCfg = Debug_Extranet|Any CPU
		{0E619969-8585-4D6C-A20B-9848826A4F1D}.Debug_Extranet|Any CPU.Build.0 = Debug_Extranet|Any CPU
		{0E619969-8585-4D6C-A20B-9848826A4F1D}.Debug_Extranet|ARM.ActiveCfg = Debug_Extranet|Any CPU
		{0E619969-8585-4D6C-A20B-9848826A4F1D}.Debug_Extranet|ARM.Build.0 = Debug_Extranet|Any CPU
		{0E619969-8585-4D6C-A20B-9848826A4F1D}.Debug_Extranet|Mixed Platforms.ActiveCfg = Debug_Extranet|Any CPU
		{0E619969-8585-4D6C-A20B-9848826A4F1D}.Debug_Extranet|Mixed Platforms.Build.0 = Debug_Extranet|Any CPU
		{0E619969-8585-4D6C-A20B-9848826A4F1D}.Debug_Extranet|x64.ActiveCfg = Debug_Extranet|Any CPU
		{0E619969-8585-4D6C-A20B-9848826A4F1D}.Debug_Extranet|x64.Build.0 = Debug_Extranet|Any CPU
		{0E619969-8585-4D6C-A20B-9848826A4F1D}.Debug_Extranet|x86.ActiveCfg = Debug_Extranet|Any CPU
		{0E619969-8585-4D6C-A20B-9848826A4F1D}.Debug_Extranet|x86.Build.0 = Debug_Extranet|Any CPU
		{0E619969-8585-4D6C-A20B-9848826A4F1D}.Debug|Any CPU.ActiveCfg = Debug|Any CPU
		{0E619969-8585-4D6C-A20B-9848826A4F1D}.Debug|Any CPU.Build.0 = Debug|Any CPU
		{0E619969-8585-4D6C-A20B-9848826A4F1D}.Debug|ARM.ActiveCfg = Debug|Any CPU
		{0E619969-8585-4D6C-A20B-9848826A4F1D}.Debug|ARM.Build.0 = Debug|Any CPU
		{0E619969-8585-4D6C-A20B-9848826A4F1D}.Debug|Mixed Platforms.ActiveCfg = Debug|Any CPU
		{0E619969-8585-4D6C-A20B-9848826A4F1D}.Debug|Mixed Platforms.Build.0 = Debug|Any CPU
		{0E619969-8585-4D6C-A20B-9848826A4F1D}.Debug|x64.ActiveCfg = Debug|Any CPU
		{0E619969-8585-4D6C-A20B-9848826A4F1D}.Debug|x64.Build.0 = Debug|Any CPU
		{0E619969-8585-4D6C-A20B-9848826A4F1D}.Debug|x86.ActiveCfg = Debug|Any CPU
		{0E619969-8585-4D6C-A20B-9848826A4F1D}.Debug|x86.Build.0 = Debug|Any CPU
		{0E619969-8585-4D6C-A20B-9848826A4F1D}.DVD-5|Any CPU.ActiveCfg = Debug_Extranet|Any CPU
		{0E619969-8585-4D6C-A20B-9848826A4F1D}.DVD-5|Any CPU.Build.0 = Debug_Extranet|Any CPU
		{0E619969-8585-4D6C-A20B-9848826A4F1D}.DVD-5|ARM.ActiveCfg = Debug_Extranet|Any CPU
		{0E619969-8585-4D6C-A20B-9848826A4F1D}.DVD-5|ARM.Build.0 = Debug_Extranet|Any CPU
		{0E619969-8585-4D6C-A20B-9848826A4F1D}.DVD-5|Mixed Platforms.ActiveCfg = Debug_Extranet|Any CPU
		{0E619969-8585-4D6C-A20B-9848826A4F1D}.DVD-5|Mixed Platforms.Build.0 = Debug_Extranet|Any CPU
		{0E619969-8585-4D6C-A20B-9848826A4F1D}.DVD-5|x64.ActiveCfg = Debug_Extranet|Any CPU
		{0E619969-8585-4D6C-A20B-9848826A4F1D}.DVD-5|x64.Build.0 = Debug_Extranet|Any CPU
		{0E619969-8585-4D6C-A20B-9848826A4F1D}.DVD-5|x86.ActiveCfg = Debug_Extranet|Any CPU
		{0E619969-8585-4D6C-A20B-9848826A4F1D}.DVD-5|x86.Build.0 = Debug_Extranet|Any CPU
		{0E619969-8585-4D6C-A20B-9848826A4F1D}.GertakariakMS|Any CPU.ActiveCfg = Debug_Extranet|Any CPU
		{0E619969-8585-4D6C-A20B-9848826A4F1D}.GertakariakMS|Any CPU.Build.0 = Debug_Extranet|Any CPU
		{0E619969-8585-4D6C-A20B-9848826A4F1D}.GertakariakMS|ARM.ActiveCfg = Debug_Extranet|Any CPU
		{0E619969-8585-4D6C-A20B-9848826A4F1D}.GertakariakMS|ARM.Build.0 = Debug_Extranet|Any CPU
		{0E619969-8585-4D6C-A20B-9848826A4F1D}.GertakariakMS|Mixed Platforms.ActiveCfg = Debug_Extranet|Any CPU
		{0E619969-8585-4D6C-A20B-9848826A4F1D}.GertakariakMS|Mixed Platforms.Build.0 = Debug_Extranet|Any CPU
		{0E619969-8585-4D6C-A20B-9848826A4F1D}.GertakariakMS|x64.ActiveCfg = Debug_Extranet|Any CPU
		{0E619969-8585-4D6C-A20B-9848826A4F1D}.GertakariakMS|x64.Build.0 = Debug_Extranet|Any CPU
		{0E619969-8585-4D6C-A20B-9848826A4F1D}.GertakariakMS|x86.ActiveCfg = Debug_Extranet|Any CPU
		{0E619969-8585-4D6C-A20B-9848826A4F1D}.GertakariakMS|x86.Build.0 = Debug_Extranet|Any CPU
		{0E619969-8585-4D6C-A20B-9848826A4F1D}.Istriku_Debug|Any CPU.ActiveCfg = Debug|Any CPU
		{0E619969-8585-4D6C-A20B-9848826A4F1D}.Istriku_Debug|Any CPU.Build.0 = Debug|Any CPU
		{0E619969-8585-4D6C-A20B-9848826A4F1D}.Istriku_Debug|ARM.ActiveCfg = Debug|Any CPU
		{0E619969-8585-4D6C-A20B-9848826A4F1D}.Istriku_Debug|ARM.Build.0 = Debug|Any CPU
		{0E619969-8585-4D6C-A20B-9848826A4F1D}.Istriku_Debug|Mixed Platforms.ActiveCfg = Debug|Any CPU
		{0E619969-8585-4D6C-A20B-9848826A4F1D}.Istriku_Debug|Mixed Platforms.Build.0 = Debug|Any CPU
		{0E619969-8585-4D6C-A20B-9848826A4F1D}.Istriku_Debug|x64.ActiveCfg = Debug|Any CPU
		{0E619969-8585-4D6C-A20B-9848826A4F1D}.Istriku_Debug|x64.Build.0 = Debug|Any CPU
		{0E619969-8585-4D6C-A20B-9848826A4F1D}.Istriku_Debug|x86.ActiveCfg = Debug|Any CPU
		{0E619969-8585-4D6C-A20B-9848826A4F1D}.Istriku_Debug|x86.Build.0 = Debug|Any CPU
		{0E619969-8585-4D6C-A20B-9848826A4F1D}.Istriku_Release|Any CPU.ActiveCfg = Release|Any CPU
		{0E619969-8585-4D6C-A20B-9848826A4F1D}.Istriku_Release|Any CPU.Build.0 = Release|Any CPU
		{0E619969-8585-4D6C-A20B-9848826A4F1D}.Istriku_Release|ARM.ActiveCfg = Release|Any CPU
		{0E619969-8585-4D6C-A20B-9848826A4F1D}.Istriku_Release|ARM.Build.0 = Release|Any CPU
		{0E619969-8585-4D6C-A20B-9848826A4F1D}.Istriku_Release|Mixed Platforms.ActiveCfg = Release|Any CPU
		{0E619969-8585-4D6C-A20B-9848826A4F1D}.Istriku_Release|Mixed Platforms.Build.0 = Release|Any CPU
		{0E619969-8585-4D6C-A20B-9848826A4F1D}.Istriku_Release|x64.ActiveCfg = Release|Any CPU
		{0E619969-8585-4D6C-A20B-9848826A4F1D}.Istriku_Release|x64.Build.0 = Release|Any CPU
		{0E619969-8585-4D6C-A20B-9848826A4F1D}.Istriku_Release|x86.ActiveCfg = Release|Any CPU
		{0E619969-8585-4D6C-A20B-9848826A4F1D}.Istriku_Release|x86.Build.0 = Release|Any CPU
		{0E619969-8585-4D6C-A20B-9848826A4F1D}.Release_Extranet|Any CPU.ActiveCfg = Release_Extranet|Any CPU
		{0E619969-8585-4D6C-A20B-9848826A4F1D}.Release_Extranet|Any CPU.Build.0 = Release_Extranet|Any CPU
		{0E619969-8585-4D6C-A20B-9848826A4F1D}.Release_Extranet|ARM.ActiveCfg = Release_Extranet|Any CPU
		{0E619969-8585-4D6C-A20B-9848826A4F1D}.Release_Extranet|ARM.Build.0 = Release_Extranet|Any CPU
		{0E619969-8585-4D6C-A20B-9848826A4F1D}.Release_Extranet|Mixed Platforms.ActiveCfg = Release_Extranet|Any CPU
		{0E619969-8585-4D6C-A20B-9848826A4F1D}.Release_Extranet|Mixed Platforms.Build.0 = Release_Extranet|Any CPU
		{0E619969-8585-4D6C-A20B-9848826A4F1D}.Release_Extranet|x64.ActiveCfg = Release_Extranet|Any CPU
		{0E619969-8585-4D6C-A20B-9848826A4F1D}.Release_Extranet|x64.Build.0 = Release_Extranet|Any CPU
		{0E619969-8585-4D6C-A20B-9848826A4F1D}.Release_Extranet|x86.ActiveCfg = Release_Extranet|Any CPU
		{0E619969-8585-4D6C-A20B-9848826A4F1D}.Release_Extranet|x86.Build.0 = Release_Extranet|Any CPU
		{0E619969-8585-4D6C-A20B-9848826A4F1D}.Release|Any CPU.ActiveCfg = Release|Any CPU
		{0E619969-8585-4D6C-A20B-9848826A4F1D}.Release|Any CPU.Build.0 = Release|Any CPU
		{0E619969-8585-4D6C-A20B-9848826A4F1D}.Release|ARM.ActiveCfg = Release|Any CPU
		{0E619969-8585-4D6C-A20B-9848826A4F1D}.Release|ARM.Build.0 = Release|Any CPU
		{0E619969-8585-4D6C-A20B-9848826A4F1D}.Release|Mixed Platforms.ActiveCfg = Release|Any CPU
		{0E619969-8585-4D6C-A20B-9848826A4F1D}.Release|Mixed Platforms.Build.0 = Release|Any CPU
		{0E619969-8585-4D6C-A20B-9848826A4F1D}.Release|x64.ActiveCfg = Release|Any CPU
		{0E619969-8585-4D6C-A20B-9848826A4F1D}.Release|x64.Build.0 = Release|Any CPU
		{0E619969-8585-4D6C-A20B-9848826A4F1D}.Release|x86.ActiveCfg = Release|Any CPU
		{0E619969-8585-4D6C-A20B-9848826A4F1D}.Release|x86.Build.0 = Release|Any CPU
		{0E619969-8585-4D6C-A20B-9848826A4F1D}.SingleImage|Any CPU.ActiveCfg = Debug_Extranet|Any CPU
		{0E619969-8585-4D6C-A20B-9848826A4F1D}.SingleImage|Any CPU.Build.0 = Debug_Extranet|Any CPU
		{0E619969-8585-4D6C-A20B-9848826A4F1D}.SingleImage|ARM.ActiveCfg = Debug_Extranet|Any CPU
		{0E619969-8585-4D6C-A20B-9848826A4F1D}.SingleImage|ARM.Build.0 = Debug_Extranet|Any CPU
		{0E619969-8585-4D6C-A20B-9848826A4F1D}.SingleImage|Mixed Platforms.ActiveCfg = Debug_Extranet|Any CPU
		{0E619969-8585-4D6C-A20B-9848826A4F1D}.SingleImage|Mixed Platforms.Build.0 = Debug_Extranet|Any CPU
		{0E619969-8585-4D6C-A20B-9848826A4F1D}.SingleImage|x64.ActiveCfg = Debug_Extranet|Any CPU
		{0E619969-8585-4D6C-A20B-9848826A4F1D}.SingleImage|x64.Build.0 = Debug_Extranet|Any CPU
		{0E619969-8585-4D6C-A20B-9848826A4F1D}.SingleImage|x86.ActiveCfg = Debug_Extranet|Any CPU
		{0E619969-8585-4D6C-A20B-9848826A4F1D}.SingleImage|x86.Build.0 = Debug_Extranet|Any CPU
		{1F46E55D-906C-4588-99CC-E81C4B4E373E}.CD_ROM|Any CPU.ActiveCfg = Debug_Extranet|Any CPU
		{1F46E55D-906C-4588-99CC-E81C4B4E373E}.CD_ROM|Any CPU.Build.0 = Debug_Extranet|Any CPU
		{1F46E55D-906C-4588-99CC-E81C4B4E373E}.CD_ROM|ARM.ActiveCfg = Debug_Extranet|Any CPU
		{1F46E55D-906C-4588-99CC-E81C4B4E373E}.CD_ROM|ARM.Build.0 = Debug_Extranet|Any CPU
		{1F46E55D-906C-4588-99CC-E81C4B4E373E}.CD_ROM|Mixed Platforms.ActiveCfg = Debug_Extranet|Any CPU
		{1F46E55D-906C-4588-99CC-E81C4B4E373E}.CD_ROM|Mixed Platforms.Build.0 = Debug_Extranet|Any CPU
		{1F46E55D-906C-4588-99CC-E81C4B4E373E}.CD_ROM|x64.ActiveCfg = Debug_Extranet|Any CPU
		{1F46E55D-906C-4588-99CC-E81C4B4E373E}.CD_ROM|x64.Build.0 = Debug_Extranet|Any CPU
		{1F46E55D-906C-4588-99CC-E81C4B4E373E}.CD_ROM|x86.ActiveCfg = Debug_Extranet|Any CPU
		{1F46E55D-906C-4588-99CC-E81C4B4E373E}.CD_ROM|x86.Build.0 = Debug_Extranet|Any CPU
		{1F46E55D-906C-4588-99CC-E81C4B4E373E}.Debug_Extranet|Any CPU.ActiveCfg = Debug_Extranet|Any CPU
		{1F46E55D-906C-4588-99CC-E81C4B4E373E}.Debug_Extranet|Any CPU.Build.0 = Debug_Extranet|Any CPU
		{1F46E55D-906C-4588-99CC-E81C4B4E373E}.Debug_Extranet|ARM.ActiveCfg = Debug_Extranet|Any CPU
		{1F46E55D-906C-4588-99CC-E81C4B4E373E}.Debug_Extranet|ARM.Build.0 = Debug_Extranet|Any CPU
		{1F46E55D-906C-4588-99CC-E81C4B4E373E}.Debug_Extranet|Mixed Platforms.ActiveCfg = Debug_Extranet|Any CPU
		{1F46E55D-906C-4588-99CC-E81C4B4E373E}.Debug_Extranet|Mixed Platforms.Build.0 = Debug_Extranet|Any CPU
		{1F46E55D-906C-4588-99CC-E81C4B4E373E}.Debug_Extranet|x64.ActiveCfg = Debug_Extranet|Any CPU
		{1F46E55D-906C-4588-99CC-E81C4B4E373E}.Debug_Extranet|x64.Build.0 = Debug_Extranet|Any CPU
		{1F46E55D-906C-4588-99CC-E81C4B4E373E}.Debug_Extranet|x86.ActiveCfg = Debug_Extranet|Any CPU
		{1F46E55D-906C-4588-99CC-E81C4B4E373E}.Debug_Extranet|x86.Build.0 = Debug_Extranet|Any CPU
		{1F46E55D-906C-4588-99CC-E81C4B4E373E}.Debug|Any CPU.ActiveCfg = Debug|Any CPU
		{1F46E55D-906C-4588-99CC-E81C4B4E373E}.Debug|Any CPU.Build.0 = Debug|Any CPU
		{1F46E55D-906C-4588-99CC-E81C4B4E373E}.Debug|ARM.ActiveCfg = Debug|Any CPU
		{1F46E55D-906C-4588-99CC-E81C4B4E373E}.Debug|ARM.Build.0 = Debug|Any CPU
		{1F46E55D-906C-4588-99CC-E81C4B4E373E}.Debug|Mixed Platforms.ActiveCfg = Debug|Any CPU
		{1F46E55D-906C-4588-99CC-E81C4B4E373E}.Debug|Mixed Platforms.Build.0 = Debug|Any CPU
		{1F46E55D-906C-4588-99CC-E81C4B4E373E}.Debug|x64.ActiveCfg = Debug|Any CPU
		{1F46E55D-906C-4588-99CC-E81C4B4E373E}.Debug|x64.Build.0 = Debug|Any CPU
		{1F46E55D-906C-4588-99CC-E81C4B4E373E}.Debug|x86.ActiveCfg = Debug|Any CPU
		{1F46E55D-906C-4588-99CC-E81C4B4E373E}.Debug|x86.Build.0 = Debug|Any CPU
		{1F46E55D-906C-4588-99CC-E81C4B4E373E}.DVD-5|Any CPU.ActiveCfg = Debug_Extranet|Any CPU
		{1F46E55D-906C-4588-99CC-E81C4B4E373E}.DVD-5|Any CPU.Build.0 = Debug_Extranet|Any CPU
		{1F46E55D-906C-4588-99CC-E81C4B4E373E}.DVD-5|ARM.ActiveCfg = Debug_Extranet|Any CPU
		{1F46E55D-906C-4588-99CC-E81C4B4E373E}.DVD-5|ARM.Build.0 = Debug_Extranet|Any CPU
		{1F46E55D-906C-4588-99CC-E81C4B4E373E}.DVD-5|Mixed Platforms.ActiveCfg = Debug_Extranet|Any CPU
		{1F46E55D-906C-4588-99CC-E81C4B4E373E}.DVD-5|Mixed Platforms.Build.0 = Debug_Extranet|Any CPU
		{1F46E55D-906C-4588-99CC-E81C4B4E373E}.DVD-5|x64.ActiveCfg = Debug_Extranet|Any CPU
		{1F46E55D-906C-4588-99CC-E81C4B4E373E}.DVD-5|x64.Build.0 = Debug_Extranet|Any CPU
		{1F46E55D-906C-4588-99CC-E81C4B4E373E}.DVD-5|x86.ActiveCfg = Debug_Extranet|Any CPU
		{1F46E55D-906C-4588-99CC-E81C4B4E373E}.DVD-5|x86.Build.0 = Debug_Extranet|Any CPU
		{1F46E55D-906C-4588-99CC-E81C4B4E373E}.GertakariakMS|Any CPU.ActiveCfg = GertakariakMS|Any CPU
		{1F46E55D-906C-4588-99CC-E81C4B4E373E}.GertakariakMS|Any CPU.Build.0 = GertakariakMS|Any CPU
		{1F46E55D-906C-4588-99CC-E81C4B4E373E}.GertakariakMS|ARM.ActiveCfg = GertakariakMS|Any CPU
		{1F46E55D-906C-4588-99CC-E81C4B4E373E}.GertakariakMS|ARM.Build.0 = GertakariakMS|Any CPU
		{1F46E55D-906C-4588-99CC-E81C4B4E373E}.GertakariakMS|Mixed Platforms.ActiveCfg = GertakariakMS|Any CPU
		{1F46E55D-906C-4588-99CC-E81C4B4E373E}.GertakariakMS|Mixed Platforms.Build.0 = GertakariakMS|Any CPU
		{1F46E55D-906C-4588-99CC-E81C4B4E373E}.GertakariakMS|x64.ActiveCfg = GertakariakMS|Any CPU
		{1F46E55D-906C-4588-99CC-E81C4B4E373E}.GertakariakMS|x64.Build.0 = GertakariakMS|Any CPU
		{1F46E55D-906C-4588-99CC-E81C4B4E373E}.GertakariakMS|x86.ActiveCfg = GertakariakMS|Any CPU
		{1F46E55D-906C-4588-99CC-E81C4B4E373E}.GertakariakMS|x86.Build.0 = GertakariakMS|Any CPU
		{1F46E55D-906C-4588-99CC-E81C4B4E373E}.Istriku_Debug|Any CPU.ActiveCfg = Istriku_Debug|Any CPU
		{1F46E55D-906C-4588-99CC-E81C4B4E373E}.Istriku_Debug|Any CPU.Build.0 = Istriku_Debug|Any CPU
		{1F46E55D-906C-4588-99CC-E81C4B4E373E}.Istriku_Debug|ARM.ActiveCfg = Istriku_Debug|Any CPU
		{1F46E55D-906C-4588-99CC-E81C4B4E373E}.Istriku_Debug|ARM.Build.0 = Istriku_Debug|Any CPU
		{1F46E55D-906C-4588-99CC-E81C4B4E373E}.Istriku_Debug|Mixed Platforms.ActiveCfg = Istriku_Debug|Any CPU
		{1F46E55D-906C-4588-99CC-E81C4B4E373E}.Istriku_Debug|Mixed Platforms.Build.0 = Istriku_Debug|Any CPU
		{1F46E55D-906C-4588-99CC-E81C4B4E373E}.Istriku_Debug|x64.ActiveCfg = Istriku_Debug|Any CPU
		{1F46E55D-906C-4588-99CC-E81C4B4E373E}.Istriku_Debug|x64.Build.0 = Istriku_Debug|Any CPU
		{1F46E55D-906C-4588-99CC-E81C4B4E373E}.Istriku_Debug|x86.ActiveCfg = Istriku_Debug|Any CPU
		{1F46E55D-906C-4588-99CC-E81C4B4E373E}.Istriku_Debug|x86.Build.0 = Istriku_Debug|Any CPU
		{1F46E55D-906C-4588-99CC-E81C4B4E373E}.Istriku_Release|Any CPU.ActiveCfg = Istriku_Release|Any CPU
		{1F46E55D-906C-4588-99CC-E81C4B4E373E}.Istriku_Release|Any CPU.Build.0 = Istriku_Release|Any CPU
		{1F46E55D-906C-4588-99CC-E81C4B4E373E}.Istriku_Release|ARM.ActiveCfg = Istriku_Release|Any CPU
		{1F46E55D-906C-4588-99CC-E81C4B4E373E}.Istriku_Release|ARM.Build.0 = Istriku_Release|Any CPU
		{1F46E55D-906C-4588-99CC-E81C4B4E373E}.Istriku_Release|Mixed Platforms.ActiveCfg = Istriku_Release|Any CPU
		{1F46E55D-906C-4588-99CC-E81C4B4E373E}.Istriku_Release|Mixed Platforms.Build.0 = Istriku_Release|Any CPU
		{1F46E55D-906C-4588-99CC-E81C4B4E373E}.Istriku_Release|x64.ActiveCfg = Istriku_Release|Any CPU
		{1F46E55D-906C-4588-99CC-E81C4B4E373E}.Istriku_Release|x64.Build.0 = Istriku_Release|Any CPU
		{1F46E55D-906C-4588-99CC-E81C4B4E373E}.Istriku_Release|x86.ActiveCfg = Istriku_Release|Any CPU
		{1F46E55D-906C-4588-99CC-E81C4B4E373E}.Istriku_Release|x86.Build.0 = Istriku_Release|Any CPU
		{1F46E55D-906C-4588-99CC-E81C4B4E373E}.Release_Extranet|Any CPU.ActiveCfg = Release_Extranet|Any CPU
		{1F46E55D-906C-4588-99CC-E81C4B4E373E}.Release_Extranet|Any CPU.Build.0 = Release_Extranet|Any CPU
		{1F46E55D-906C-4588-99CC-E81C4B4E373E}.Release_Extranet|ARM.ActiveCfg = Release_Extranet|Any CPU
		{1F46E55D-906C-4588-99CC-E81C4B4E373E}.Release_Extranet|ARM.Build.0 = Release_Extranet|Any CPU
		{1F46E55D-906C-4588-99CC-E81C4B4E373E}.Release_Extranet|Mixed Platforms.ActiveCfg = Release_Extranet|Any CPU
		{1F46E55D-906C-4588-99CC-E81C4B4E373E}.Release_Extranet|Mixed Platforms.Build.0 = Release_Extranet|Any CPU
		{1F46E55D-906C-4588-99CC-E81C4B4E373E}.Release_Extranet|x64.ActiveCfg = Release_Extranet|Any CPU
		{1F46E55D-906C-4588-99CC-E81C4B4E373E}.Release_Extranet|x64.Build.0 = Release_Extranet|Any CPU
		{1F46E55D-906C-4588-99CC-E81C4B4E373E}.Release_Extranet|x86.ActiveCfg = Release_Extranet|Any CPU
		{1F46E55D-906C-4588-99CC-E81C4B4E373E}.Release_Extranet|x86.Build.0 = Release_Extranet|Any CPU
		{1F46E55D-906C-4588-99CC-E81C4B4E373E}.Release|Any CPU.ActiveCfg = Release|Any CPU
		{1F46E55D-906C-4588-99CC-E81C4B4E373E}.Release|Any CPU.Build.0 = Release|Any CPU
		{1F46E55D-906C-4588-99CC-E81C4B4E373E}.Release|ARM.ActiveCfg = Release|Any CPU
		{1F46E55D-906C-4588-99CC-E81C4B4E373E}.Release|ARM.Build.0 = Release|Any CPU
		{1F46E55D-906C-4588-99CC-E81C4B4E373E}.Release|Mixed Platforms.ActiveCfg = Release|Any CPU
		{1F46E55D-906C-4588-99CC-E81C4B4E373E}.Release|Mixed Platforms.Build.0 = Release|Any CPU
		{1F46E55D-906C-4588-99CC-E81C4B4E373E}.Release|x64.ActiveCfg = Release|Any CPU
		{1F46E55D-906C-4588-99CC-E81C4B4E373E}.Release|x64.Build.0 = Release|Any CPU
		{1F46E55D-906C-4588-99CC-E81C4B4E373E}.Release|x86.ActiveCfg = Release|Any CPU
		{1F46E55D-906C-4588-99CC-E81C4B4E373E}.Release|x86.Build.0 = Release|Any CPU
		{1F46E55D-906C-4588-99CC-E81C4B4E373E}.SingleImage|Any CPU.ActiveCfg = Debug_Extranet|Any CPU
		{1F46E55D-906C-4588-99CC-E81C4B4E373E}.SingleImage|Any CPU.Build.0 = Debug_Extranet|Any CPU
		{1F46E55D-906C-4588-99CC-E81C4B4E373E}.SingleImage|ARM.ActiveCfg = Debug_Extranet|Any CPU
		{1F46E55D-906C-4588-99CC-E81C4B4E373E}.SingleImage|ARM.Build.0 = Debug_Extranet|Any CPU
		{1F46E55D-906C-4588-99CC-E81C4B4E373E}.SingleImage|Mixed Platforms.ActiveCfg = Debug_Extranet|Any CPU
		{1F46E55D-906C-4588-99CC-E81C4B4E373E}.SingleImage|Mixed Platforms.Build.0 = Debug_Extranet|Any CPU
		{1F46E55D-906C-4588-99CC-E81C4B4E373E}.SingleImage|x64.ActiveCfg = Debug_Extranet|Any CPU
		{1F46E55D-906C-4588-99CC-E81C4B4E373E}.SingleImage|x64.Build.0 = Debug_Extranet|Any CPU
		{1F46E55D-906C-4588-99CC-E81C4B4E373E}.SingleImage|x86.ActiveCfg = Debug_Extranet|Any CPU
		{1F46E55D-906C-4588-99CC-E81C4B4E373E}.SingleImage|x86.Build.0 = Debug_Extranet|Any CPU
	EndGlobalSection
	GlobalSection(SolutionProperties) = preSolution
		HideSolutionNode = FALSE
	EndGlobalSection
	GlobalSection(NestedProjects) = preSolution
		{36D4D149-12EC-4B83-84F7-87CB75126FEE} = {44FB69E1-F818-47FE-80DE-92F10DD132C0}
		{A3C5BC74-93C6-4E44-8CE4-55A0FE55AF37} = {44FB69E1-F818-47FE-80DE-92F10DD132C0}
		{CE9809A2-AE38-4FDA-88C1-0E3CD1483178} = {36D4D149-12EC-4B83-84F7-87CB75126FEE}
		{3283DECE-6B4E-4009-A3A7-1370E6C0E053} = {36D4D149-12EC-4B83-84F7-87CB75126FEE}
		{9FBD65F9-188E-48EF-98BF-FE37528DF89C} = {BCFB414F-34AD-4820-9264-5B066BC23A0D}
		{694E5787-9942-4390-88B4-E1C180685F36} = {A3C5BC74-93C6-4E44-8CE4-55A0FE55AF37}
		{0E619969-8585-4D6C-A20B-9848826A4F1D} = {057EA349-9F06-48C1-AC2A-0C11CC9B674E}
		{1F46E55D-906C-4588-99CC-E81C4B4E373E} = {36D4D149-12EC-4B83-84F7-87CB75126FEE}
	EndGlobalSection
	GlobalSection(ExtensibilityGlobals) = postSolution
		SolutionGuid = {1A3020B2-AC83-4BC5-9C75-0482022C67D8}
	EndGlobalSection
	GlobalSection(SubversionScc) = preSolution
		Svn-Managed = True
		Manager = AnkhSVN - Subversion Support for Visual Studio
	EndGlobalSection
EndGlobal
