
Microsoft Visual Studio Solution File, Format Version 12.00
# Visual Studio 15
VisualStudioVersion = 15.0.28010.2003
MinimumVisualStudioVersion = 10.0.40219.1
Project("{F184B08F-C81C-45F6-A57F-5ABD9991F28F}") = "Procesar10T", "Procesar10T.vbproj", "{B39C296E-EBD6-4D95-8AB0-378D7391DD67}"
EndProject
Project("{F184B08F-C81C-45F6-A57F-5ABD9991F28F}") = "NominasLib", "..\NominasLib\NominasLib.vbproj", "{42CFCA14-6489-4C6D-8FAB-0E7E77296C2F}"
EndProject
Project("{F184B08F-C81C-45F6-A57F-5ABD9991F28F}") = "Memcached", "..\..\Memcached\Memcached.vbproj", "{1F46E55D-906C-4588-99CC-E81C4B4E373E}"
EndProject
Project("{F184B08F-C81C-45F6-A57F-5ABD9991F28F}") = "SABLib2", "..\..\SABLib\SABLib2.vbproj", "{3283DECE-6B4E-4009-A3A7-1370E6C0E053}"
EndProject
Global
	GlobalSection(SolutionConfigurationPlatforms) = preSolution
		Debug_Extranet|Any CPU = Debug_Extranet|Any CPU
		Debug|Any CPU = Debug|Any CPU
		GertakariakMS|Any CPU = GertakariakMS|Any CPU
		Istriku_Debug|Any CPU = Istriku_Debug|Any CPU
		Istriku_Release|Any CPU = Istriku_Release|Any CPU
		Release_Extranet|Any CPU = Release_Extranet|Any CPU
		Release|Any CPU = Release|Any CPU
	EndGlobalSection
	GlobalSection(ProjectConfigurationPlatforms) = postSolution
		{B39C296E-EBD6-4D95-8AB0-378D7391DD67}.Debug_Extranet|Any CPU.ActiveCfg = Debug|Any CPU
		{B39C296E-EBD6-4D95-8AB0-378D7391DD67}.Debug_Extranet|Any CPU.Build.0 = Debug|Any CPU
		{B39C296E-EBD6-4D95-8AB0-378D7391DD67}.Debug|Any CPU.ActiveCfg = Debug|Any CPU
		{B39C296E-EBD6-4D95-8AB0-378D7391DD67}.Debug|Any CPU.Build.0 = Debug|Any CPU
		{B39C296E-EBD6-4D95-8AB0-378D7391DD67}.GertakariakMS|Any CPU.ActiveCfg = Release|Any CPU
		{B39C296E-EBD6-4D95-8AB0-378D7391DD67}.GertakariakMS|Any CPU.Build.0 = Release|Any CPU
		{B39C296E-EBD6-4D95-8AB0-378D7391DD67}.Istriku_Debug|Any CPU.ActiveCfg = Debug|Any CPU
		{B39C296E-EBD6-4D95-8AB0-378D7391DD67}.Istriku_Debug|Any CPU.Build.0 = Debug|Any CPU
		{B39C296E-EBD6-4D95-8AB0-378D7391DD67}.Istriku_Release|Any CPU.ActiveCfg = Release|Any CPU
		{B39C296E-EBD6-4D95-8AB0-378D7391DD67}.Istriku_Release|Any CPU.Build.0 = Release|Any CPU
		{B39C296E-EBD6-4D95-8AB0-378D7391DD67}.Release_Extranet|Any CPU.ActiveCfg = Release|Any CPU
		{B39C296E-EBD6-4D95-8AB0-378D7391DD67}.Release_Extranet|Any CPU.Build.0 = Release|Any CPU
		{B39C296E-EBD6-4D95-8AB0-378D7391DD67}.Release|Any CPU.ActiveCfg = Release|Any CPU
		{B39C296E-EBD6-4D95-8AB0-378D7391DD67}.Release|Any CPU.Build.0 = Release|Any CPU
		{42CFCA14-6489-4C6D-8FAB-0E7E77296C2F}.Debug_Extranet|Any CPU.ActiveCfg = Debug|Any CPU
		{42CFCA14-6489-4C6D-8FAB-0E7E77296C2F}.Debug_Extranet|Any CPU.Build.0 = Debug|Any CPU
		{42CFCA14-6489-4C6D-8FAB-0E7E77296C2F}.Debug|Any CPU.ActiveCfg = Debug|Any CPU
		{42CFCA14-6489-4C6D-8FAB-0E7E77296C2F}.Debug|Any CPU.Build.0 = Debug|Any CPU
		{42CFCA14-6489-4C6D-8FAB-0E7E77296C2F}.GertakariakMS|Any CPU.ActiveCfg = Release|Any CPU
		{42CFCA14-6489-4C6D-8FAB-0E7E77296C2F}.GertakariakMS|Any CPU.Build.0 = Release|Any CPU
		{42CFCA14-6489-4C6D-8FAB-0E7E77296C2F}.Istriku_Debug|Any CPU.ActiveCfg = Debug|Any CPU
		{42CFCA14-6489-4C6D-8FAB-0E7E77296C2F}.Istriku_Debug|Any CPU.Build.0 = Debug|Any CPU
		{42CFCA14-6489-4C6D-8FAB-0E7E77296C2F}.Istriku_Release|Any CPU.ActiveCfg = Release|Any CPU
		{42CFCA14-6489-4C6D-8FAB-0E7E77296C2F}.Istriku_Release|Any CPU.Build.0 = Release|Any CPU
		{42CFCA14-6489-4C6D-8FAB-0E7E77296C2F}.Release_Extranet|Any CPU.ActiveCfg = Release|Any CPU
		{42CFCA14-6489-4C6D-8FAB-0E7E77296C2F}.Release_Extranet|Any CPU.Build.0 = Release|Any CPU
		{42CFCA14-6489-4C6D-8FAB-0E7E77296C2F}.Release|Any CPU.ActiveCfg = Release|Any CPU
		{42CFCA14-6489-4C6D-8FAB-0E7E77296C2F}.Release|Any CPU.Build.0 = Release|Any CPU
		{1F46E55D-906C-4588-99CC-E81C4B4E373E}.Debug_Extranet|Any CPU.ActiveCfg = Debug_Extranet|Any CPU
		{1F46E55D-906C-4588-99CC-E81C4B4E373E}.Debug_Extranet|Any CPU.Build.0 = Debug_Extranet|Any CPU
		{1F46E55D-906C-4588-99CC-E81C4B4E373E}.Debug|Any CPU.ActiveCfg = Debug|Any CPU
		{1F46E55D-906C-4588-99CC-E81C4B4E373E}.Debug|Any CPU.Build.0 = Debug|Any CPU
		{1F46E55D-906C-4588-99CC-E81C4B4E373E}.GertakariakMS|Any CPU.ActiveCfg = GertakariakMS|Any CPU
		{1F46E55D-906C-4588-99CC-E81C4B4E373E}.GertakariakMS|Any CPU.Build.0 = GertakariakMS|Any CPU
		{1F46E55D-906C-4588-99CC-E81C4B4E373E}.Istriku_Debug|Any CPU.ActiveCfg = Istriku_Debug|Any CPU
		{1F46E55D-906C-4588-99CC-E81C4B4E373E}.Istriku_Debug|Any CPU.Build.0 = Istriku_Debug|Any CPU
		{1F46E55D-906C-4588-99CC-E81C4B4E373E}.Istriku_Release|Any CPU.ActiveCfg = Istriku_Release|Any CPU
		{1F46E55D-906C-4588-99CC-E81C4B4E373E}.Istriku_Release|Any CPU.Build.0 = Istriku_Release|Any CPU
		{1F46E55D-906C-4588-99CC-E81C4B4E373E}.Release_Extranet|Any CPU.ActiveCfg = Release_Extranet|Any CPU
		{1F46E55D-906C-4588-99CC-E81C4B4E373E}.Release_Extranet|Any CPU.Build.0 = Release_Extranet|Any CPU
		{1F46E55D-906C-4588-99CC-E81C4B4E373E}.Release|Any CPU.ActiveCfg = Release|Any CPU
		{1F46E55D-906C-4588-99CC-E81C4B4E373E}.Release|Any CPU.Build.0 = Release|Any CPU
		{3283DECE-6B4E-4009-A3A7-1370E6C0E053}.Debug_Extranet|Any CPU.ActiveCfg = Debug_Extranet|Any CPU
		{3283DECE-6B4E-4009-A3A7-1370E6C0E053}.Debug_Extranet|Any CPU.Build.0 = Debug_Extranet|Any CPU
		{3283DECE-6B4E-4009-A3A7-1370E6C0E053}.Debug|Any CPU.ActiveCfg = Debug|Any CPU
		{3283DECE-6B4E-4009-A3A7-1370E6C0E053}.Debug|Any CPU.Build.0 = Debug|Any CPU
		{3283DECE-6B4E-4009-A3A7-1370E6C0E053}.GertakariakMS|Any CPU.ActiveCfg = GertakariakMS|Any CPU
		{3283DECE-6B4E-4009-A3A7-1370E6C0E053}.GertakariakMS|Any CPU.Build.0 = GertakariakMS|Any CPU
		{3283DECE-6B4E-4009-A3A7-1370E6C0E053}.Istriku_Debug|Any CPU.ActiveCfg = Istriku_Release|Any CPU
		{3283DECE-6B4E-4009-A3A7-1370E6C0E053}.Istriku_Debug|Any CPU.Build.0 = Istriku_Release|Any CPU
		{3283DECE-6B4E-4009-A3A7-1370E6C0E053}.Istriku_Release|Any CPU.ActiveCfg = Istriku_Release|Any CPU
		{3283DECE-6B4E-4009-A3A7-1370E6C0E053}.Istriku_Release|Any CPU.Build.0 = Istriku_Release|Any CPU
		{3283DECE-6B4E-4009-A3A7-1370E6C0E053}.Release_Extranet|Any CPU.ActiveCfg = Release_Extranet|Any CPU
		{3283DECE-6B4E-4009-A3A7-1370E6C0E053}.Release_Extranet|Any CPU.Build.0 = Release_Extranet|Any CPU
		{3283DECE-6B4E-4009-A3A7-1370E6C0E053}.Release|Any CPU.ActiveCfg = Release|Any CPU
		{3283DECE-6B4E-4009-A3A7-1370E6C0E053}.Release|Any CPU.Build.0 = Release|Any CPU
	EndGlobalSection
	GlobalSection(SolutionProperties) = preSolution
		HideSolutionNode = FALSE
	EndGlobalSection
	GlobalSection(ExtensibilityGlobals) = postSolution
		SolutionGuid = {27A03A59-F3A1-427A-90CD-E5AA267B6B50}
	EndGlobalSection
EndGlobal
