
Microsoft Visual Studio Solution File, Format Version 12.00
# Visual Studio 15
VisualStudioVersion = 15.0.28307.438
MinimumVisualStudioVersion = 10.0.40219.1
Project("{F184B08F-C81C-45F6-A57F-5ABD9991F28F}") = "SABLib2", "SABLib2.vbproj", "{3283DECE-6B4E-4009-A3A7-1370E6C0E053}"
EndProject
Project("{F184B08F-C81C-45F6-A57F-5ABD9991F28F}") = "Memcached", "..\Memcached_Automtno\Memcached.vbproj", "{1F46E55D-906C-4588-99CC-E81C4B4E373E}"
EndProject
Project("{F184B08F-C81C-45F6-A57F-5ABD9991F28F}") = "LocalizationLib 4", "..\..\Localization\LocalizationLib\LocalizationLib 4.vbproj", "{0E619969-8585-4D6C-A20B-9848826A4F1D}"
EndProject
Global
	GlobalSection(SolutionConfigurationPlatforms) = preSolution
		Debug_Extranet|Any CPU = Debug_Extranet|Any CPU
		Debug_Extranet|x86 = Debug_Extranet|x86
		Debug|Any CPU = Debug|Any CPU
		Debug|x86 = Debug|x86
		GertakariakMS|Any CPU = GertakariakMS|Any CPU
		GertakariakMS|x86 = GertakariakMS|x86
		Istriku_Debug|Any CPU = Istriku_Debug|Any CPU
		Istriku_Debug|x86 = Istriku_Debug|x86
		Istriku_Release|Any CPU = Istriku_Release|Any CPU
		Istriku_Release|x86 = Istriku_Release|x86
		Release_Extranet|Any CPU = Release_Extranet|Any CPU
		Release_Extranet|x86 = Release_Extranet|x86
		Release|Any CPU = Release|Any CPU
		Release|x86 = Release|x86
	EndGlobalSection
	GlobalSection(ProjectConfigurationPlatforms) = postSolution
		{3283DECE-6B4E-4009-A3A7-1370E6C0E053}.Debug_Extranet|Any CPU.ActiveCfg = Debug|Any CPU
		{3283DECE-6B4E-4009-A3A7-1370E6C0E053}.Debug_Extranet|Any CPU.Build.0 = Debug|Any CPU
		{3283DECE-6B4E-4009-A3A7-1370E6C0E053}.Debug_Extranet|x86.ActiveCfg = Debug|x86
		{3283DECE-6B4E-4009-A3A7-1370E6C0E053}.Debug_Extranet|x86.Build.0 = Debug|x86
		{3283DECE-6B4E-4009-A3A7-1370E6C0E053}.Debug|Any CPU.ActiveCfg = Debug|Any CPU
		{3283DECE-6B4E-4009-A3A7-1370E6C0E053}.Debug|Any CPU.Build.0 = Debug|Any CPU
		{3283DECE-6B4E-4009-A3A7-1370E6C0E053}.Debug|x86.ActiveCfg = Debug|x86
		{3283DECE-6B4E-4009-A3A7-1370E6C0E053}.Debug|x86.Build.0 = Debug|x86
		{3283DECE-6B4E-4009-A3A7-1370E6C0E053}.GertakariakMS|Any CPU.ActiveCfg = GertakariakMS|Any CPU
		{3283DECE-6B4E-4009-A3A7-1370E6C0E053}.GertakariakMS|Any CPU.Build.0 = GertakariakMS|Any CPU
		{3283DECE-6B4E-4009-A3A7-1370E6C0E053}.GertakariakMS|x86.ActiveCfg = GertakariakMS|x86
		{3283DECE-6B4E-4009-A3A7-1370E6C0E053}.GertakariakMS|x86.Build.0 = GertakariakMS|x86
		{3283DECE-6B4E-4009-A3A7-1370E6C0E053}.Istriku_Debug|Any CPU.ActiveCfg = Istriku_Release|Any CPU
		{3283DECE-6B4E-4009-A3A7-1370E6C0E053}.Istriku_Debug|Any CPU.Build.0 = Istriku_Release|Any CPU
		{3283DECE-6B4E-4009-A3A7-1370E6C0E053}.Istriku_Debug|x86.ActiveCfg = Istriku_Release|x86
		{3283DECE-6B4E-4009-A3A7-1370E6C0E053}.Istriku_Debug|x86.Build.0 = Istriku_Release|x86
		{3283DECE-6B4E-4009-A3A7-1370E6C0E053}.Istriku_Release|Any CPU.ActiveCfg = Istriku_Release|Any CPU
		{3283DECE-6B4E-4009-A3A7-1370E6C0E053}.Istriku_Release|Any CPU.Build.0 = Istriku_Release|Any CPU
		{3283DECE-6B4E-4009-A3A7-1370E6C0E053}.Istriku_Release|x86.ActiveCfg = Istriku_Release|x86
		{3283DECE-6B4E-4009-A3A7-1370E6C0E053}.Istriku_Release|x86.Build.0 = Istriku_Release|x86
		{3283DECE-6B4E-4009-A3A7-1370E6C0E053}.Release_Extranet|Any CPU.ActiveCfg = Release_Extranet|Any CPU
		{3283DECE-6B4E-4009-A3A7-1370E6C0E053}.Release_Extranet|Any CPU.Build.0 = Release_Extranet|Any CPU
		{3283DECE-6B4E-4009-A3A7-1370E6C0E053}.Release_Extranet|x86.ActiveCfg = Release_Extranet|x86
		{3283DECE-6B4E-4009-A3A7-1370E6C0E053}.Release_Extranet|x86.Build.0 = Release_Extranet|x86
		{3283DECE-6B4E-4009-A3A7-1370E6C0E053}.Release|Any CPU.ActiveCfg = Release|Any CPU
		{3283DECE-6B4E-4009-A3A7-1370E6C0E053}.Release|Any CPU.Build.0 = Release|Any CPU
		{3283DECE-6B4E-4009-A3A7-1370E6C0E053}.Release|x86.ActiveCfg = Release|x86
		{3283DECE-6B4E-4009-A3A7-1370E6C0E053}.Release|x86.Build.0 = Release|x86
		{1F46E55D-906C-4588-99CC-E81C4B4E373E}.Debug_Extranet|Any CPU.ActiveCfg = Debug|Any CPU
		{1F46E55D-906C-4588-99CC-E81C4B4E373E}.Debug_Extranet|Any CPU.Build.0 = Debug|Any CPU
		{1F46E55D-906C-4588-99CC-E81C4B4E373E}.Debug_Extranet|x86.ActiveCfg = Debug|x86
		{1F46E55D-906C-4588-99CC-E81C4B4E373E}.Debug_Extranet|x86.Build.0 = Debug|x86
		{1F46E55D-906C-4588-99CC-E81C4B4E373E}.Debug|Any CPU.ActiveCfg = Debug|Any CPU
		{1F46E55D-906C-4588-99CC-E81C4B4E373E}.Debug|Any CPU.Build.0 = Debug|Any CPU
		{1F46E55D-906C-4588-99CC-E81C4B4E373E}.Debug|x86.ActiveCfg = Debug|x86
		{1F46E55D-906C-4588-99CC-E81C4B4E373E}.Debug|x86.Build.0 = Debug|x86
		{1F46E55D-906C-4588-99CC-E81C4B4E373E}.GertakariakMS|Any CPU.ActiveCfg = GertakariakMS|Any CPU
		{1F46E55D-906C-4588-99CC-E81C4B4E373E}.GertakariakMS|Any CPU.Build.0 = GertakariakMS|Any CPU
		{1F46E55D-906C-4588-99CC-E81C4B4E373E}.GertakariakMS|x86.ActiveCfg = GertakariakMS|x86
		{1F46E55D-906C-4588-99CC-E81C4B4E373E}.GertakariakMS|x86.Build.0 = GertakariakMS|x86
		{1F46E55D-906C-4588-99CC-E81C4B4E373E}.Istriku_Debug|Any CPU.ActiveCfg = Istriku_Debug|Any CPU
		{1F46E55D-906C-4588-99CC-E81C4B4E373E}.Istriku_Debug|Any CPU.Build.0 = Istriku_Debug|Any CPU
		{1F46E55D-906C-4588-99CC-E81C4B4E373E}.Istriku_Debug|x86.ActiveCfg = Istriku_Debug|x86
		{1F46E55D-906C-4588-99CC-E81C4B4E373E}.Istriku_Debug|x86.Build.0 = Istriku_Debug|x86
		{1F46E55D-906C-4588-99CC-E81C4B4E373E}.Istriku_Release|Any CPU.ActiveCfg = Istriku_Release|Any CPU
		{1F46E55D-906C-4588-99CC-E81C4B4E373E}.Istriku_Release|Any CPU.Build.0 = Istriku_Release|Any CPU
		{1F46E55D-906C-4588-99CC-E81C4B4E373E}.Istriku_Release|x86.ActiveCfg = Istriku_Release|x86
		{1F46E55D-906C-4588-99CC-E81C4B4E373E}.Istriku_Release|x86.Build.0 = Istriku_Release|x86
		{1F46E55D-906C-4588-99CC-E81C4B4E373E}.Release_Extranet|Any CPU.ActiveCfg = Release_Extranet|Any CPU
		{1F46E55D-906C-4588-99CC-E81C4B4E373E}.Release_Extranet|Any CPU.Build.0 = Release_Extranet|Any CPU
		{1F46E55D-906C-4588-99CC-E81C4B4E373E}.Release_Extranet|x86.ActiveCfg = Release_Extranet|x86
		{1F46E55D-906C-4588-99CC-E81C4B4E373E}.Release_Extranet|x86.Build.0 = Release_Extranet|x86
		{1F46E55D-906C-4588-99CC-E81C4B4E373E}.Release|Any CPU.ActiveCfg = Release|Any CPU
		{1F46E55D-906C-4588-99CC-E81C4B4E373E}.Release|Any CPU.Build.0 = Release|Any CPU
		{1F46E55D-906C-4588-99CC-E81C4B4E373E}.Release|x86.ActiveCfg = Release|x86
		{1F46E55D-906C-4588-99CC-E81C4B4E373E}.Release|x86.Build.0 = Release|x86
		{0E619969-8585-4D6C-A20B-9848826A4F1D}.Debug_Extranet|Any CPU.ActiveCfg = Debug_Extranet|Any CPU
		{0E619969-8585-4D6C-A20B-9848826A4F1D}.Debug_Extranet|Any CPU.Build.0 = Debug_Extranet|Any CPU
		{0E619969-8585-4D6C-A20B-9848826A4F1D}.Debug_Extranet|x86.ActiveCfg = Debug_Extranet|Any CPU
		{0E619969-8585-4D6C-A20B-9848826A4F1D}.Debug_Extranet|x86.Build.0 = Debug_Extranet|Any CPU
		{0E619969-8585-4D6C-A20B-9848826A4F1D}.Debug|Any CPU.ActiveCfg = Debug|Any CPU
		{0E619969-8585-4D6C-A20B-9848826A4F1D}.Debug|Any CPU.Build.0 = Debug|Any CPU
		{0E619969-8585-4D6C-A20B-9848826A4F1D}.Debug|x86.ActiveCfg = Debug|Any CPU
		{0E619969-8585-4D6C-A20B-9848826A4F1D}.Debug|x86.Build.0 = Debug|Any CPU
		{0E619969-8585-4D6C-A20B-9848826A4F1D}.GertakariakMS|Any CPU.ActiveCfg = Debug_Extranet|Any CPU
		{0E619969-8585-4D6C-A20B-9848826A4F1D}.GertakariakMS|Any CPU.Build.0 = Debug_Extranet|Any CPU
		{0E619969-8585-4D6C-A20B-9848826A4F1D}.GertakariakMS|x86.ActiveCfg = Debug_Extranet|Any CPU
		{0E619969-8585-4D6C-A20B-9848826A4F1D}.GertakariakMS|x86.Build.0 = Debug_Extranet|Any CPU
		{0E619969-8585-4D6C-A20B-9848826A4F1D}.Istriku_Debug|Any CPU.ActiveCfg = Debug|Any CPU
		{0E619969-8585-4D6C-A20B-9848826A4F1D}.Istriku_Debug|Any CPU.Build.0 = Debug|Any CPU
		{0E619969-8585-4D6C-A20B-9848826A4F1D}.Istriku_Debug|x86.ActiveCfg = Debug|Any CPU
		{0E619969-8585-4D6C-A20B-9848826A4F1D}.Istriku_Debug|x86.Build.0 = Debug|Any CPU
		{0E619969-8585-4D6C-A20B-9848826A4F1D}.Istriku_Release|Any CPU.ActiveCfg = Release|Any CPU
		{0E619969-8585-4D6C-A20B-9848826A4F1D}.Istriku_Release|Any CPU.Build.0 = Release|Any CPU
		{0E619969-8585-4D6C-A20B-9848826A4F1D}.Istriku_Release|x86.ActiveCfg = Release|Any CPU
		{0E619969-8585-4D6C-A20B-9848826A4F1D}.Istriku_Release|x86.Build.0 = Release|Any CPU
		{0E619969-8585-4D6C-A20B-9848826A4F1D}.Release_Extranet|Any CPU.ActiveCfg = Release_Extranet|Any CPU
		{0E619969-8585-4D6C-A20B-9848826A4F1D}.Release_Extranet|Any CPU.Build.0 = Release_Extranet|Any CPU
		{0E619969-8585-4D6C-A20B-9848826A4F1D}.Release_Extranet|x86.ActiveCfg = Release_Extranet|Any CPU
		{0E619969-8585-4D6C-A20B-9848826A4F1D}.Release_Extranet|x86.Build.0 = Release_Extranet|Any CPU
		{0E619969-8585-4D6C-A20B-9848826A4F1D}.Release|Any CPU.ActiveCfg = Release|Any CPU
		{0E619969-8585-4D6C-A20B-9848826A4F1D}.Release|Any CPU.Build.0 = Release|Any CPU
		{0E619969-8585-4D6C-A20B-9848826A4F1D}.Release|x86.ActiveCfg = Release|Any CPU
		{0E619969-8585-4D6C-A20B-9848826A4F1D}.Release|x86.Build.0 = Release|Any CPU
	EndGlobalSection
	GlobalSection(SolutionProperties) = preSolution
		HideSolutionNode = FALSE
	EndGlobalSection
	GlobalSection(ExtensibilityGlobals) = postSolution
		SolutionGuid = {15796582-411B-46C4-891D-C935CF7E9CE8}
	EndGlobalSection
EndGlobal
