
Microsoft Visual Studio Solution File, Format Version 12.00
# Visual Studio 14
VisualStudioVersion = 14.0.23107.0
MinimumVisualStudioVersion = 10.0.40219.1
Project("{F184B08F-C81C-45F6-A57F-5ABD9991F28F}") = "AutomntoForm", "AutomntoForm.vbproj", "{CFF1BBA5-3DCB-4216-9928-CAA69B20AB29}"
EndProject
Project("{F184B08F-C81C-45F6-A57F-5ABD9991F28F}") = "AutomntoLib", "..\AutomntoLib\AutomntoLib.vbproj", "{014E83CC-9062-4471-A3FF-D5E02460B998}"
EndProject
Project("{F184B08F-C81C-45F6-A57F-5ABD9991F28F}") = "AccesoAutomaticoBD", "..\AccesoAutomaticoBD_Automnto\AccesoAutomaticoBD.vbproj", "{D8DFD338-036C-4472-8611-59566F4E37FB}"
EndProject
Project("{F184B08F-C81C-45F6-A57F-5ABD9991F28F}") = "Memcached", "..\Memcached_Automtno\Memcached.vbproj", "{1F46E55D-906C-4588-99CC-E81C4B4E373E}"
EndProject
Project("{F184B08F-C81C-45F6-A57F-5ABD9991F28F}") = "RRHHLib", "..\RRHHLib_Automnto\RRHHLib.vbproj", "{73193FB9-7806-4B49-9CEA-56078DFFB69B}"
EndProject
Project("{F184B08F-C81C-45F6-A57F-5ABD9991F28F}") = "SABLib2", "..\SABLib_Automnto\SABLib2.vbproj", "{3283DECE-6B4E-4009-A3A7-1370E6C0E053}"
EndProject
Global
	GlobalSection(SolutionConfigurationPlatforms) = preSolution
		Debug|Any CPU = Debug|Any CPU
		Debug|Mixed Platforms = Debug|Mixed Platforms
		Debug|x86 = Debug|x86
		GertakariakMS|Any CPU = GertakariakMS|Any CPU
		GertakariakMS|Mixed Platforms = GertakariakMS|Mixed Platforms
		GertakariakMS|x86 = GertakariakMS|x86
		Istriku_Debug|Any CPU = Istriku_Debug|Any CPU
		Istriku_Debug|Mixed Platforms = Istriku_Debug|Mixed Platforms
		Istriku_Debug|x86 = Istriku_Debug|x86
		Istriku_Release|Any CPU = Istriku_Release|Any CPU
		Istriku_Release|Mixed Platforms = Istriku_Release|Mixed Platforms
		Istriku_Release|x86 = Istriku_Release|x86
		Release_Extranet|Any CPU = Release_Extranet|Any CPU
		Release_Extranet|Mixed Platforms = Release_Extranet|Mixed Platforms
		Release_Extranet|x86 = Release_Extranet|x86
		Release|Any CPU = Release|Any CPU
		Release|Mixed Platforms = Release|Mixed Platforms
		Release|x86 = Release|x86
	EndGlobalSection
	GlobalSection(ProjectConfigurationPlatforms) = postSolution
		{CFF1BBA5-3DCB-4216-9928-CAA69B20AB29}.Debug|Any CPU.ActiveCfg = Debug|x86
		{CFF1BBA5-3DCB-4216-9928-CAA69B20AB29}.Debug|Mixed Platforms.ActiveCfg = Debug|x86
		{CFF1BBA5-3DCB-4216-9928-CAA69B20AB29}.Debug|Mixed Platforms.Build.0 = Debug|x86
		{CFF1BBA5-3DCB-4216-9928-CAA69B20AB29}.Debug|x86.ActiveCfg = Debug|x86
		{CFF1BBA5-3DCB-4216-9928-CAA69B20AB29}.Debug|x86.Build.0 = Debug|x86
		{CFF1BBA5-3DCB-4216-9928-CAA69B20AB29}.GertakariakMS|Any CPU.ActiveCfg = Release|x86
		{CFF1BBA5-3DCB-4216-9928-CAA69B20AB29}.GertakariakMS|Mixed Platforms.ActiveCfg = Release|x86
		{CFF1BBA5-3DCB-4216-9928-CAA69B20AB29}.GertakariakMS|Mixed Platforms.Build.0 = Release|x86
		{CFF1BBA5-3DCB-4216-9928-CAA69B20AB29}.GertakariakMS|x86.ActiveCfg = Release|x86
		{CFF1BBA5-3DCB-4216-9928-CAA69B20AB29}.GertakariakMS|x86.Build.0 = Release|x86
		{CFF1BBA5-3DCB-4216-9928-CAA69B20AB29}.Istriku_Debug|Any CPU.ActiveCfg = Debug|x86
		{CFF1BBA5-3DCB-4216-9928-CAA69B20AB29}.Istriku_Debug|Mixed Platforms.ActiveCfg = Debug|x86
		{CFF1BBA5-3DCB-4216-9928-CAA69B20AB29}.Istriku_Debug|Mixed Platforms.Build.0 = Debug|x86
		{CFF1BBA5-3DCB-4216-9928-CAA69B20AB29}.Istriku_Debug|x86.ActiveCfg = Debug|x86
		{CFF1BBA5-3DCB-4216-9928-CAA69B20AB29}.Istriku_Debug|x86.Build.0 = Debug|x86
		{CFF1BBA5-3DCB-4216-9928-CAA69B20AB29}.Istriku_Release|Any CPU.ActiveCfg = Release|x86
		{CFF1BBA5-3DCB-4216-9928-CAA69B20AB29}.Istriku_Release|Mixed Platforms.ActiveCfg = Release|x86
		{CFF1BBA5-3DCB-4216-9928-CAA69B20AB29}.Istriku_Release|Mixed Platforms.Build.0 = Release|x86
		{CFF1BBA5-3DCB-4216-9928-CAA69B20AB29}.Istriku_Release|x86.ActiveCfg = Release|x86
		{CFF1BBA5-3DCB-4216-9928-CAA69B20AB29}.Istriku_Release|x86.Build.0 = Release|x86
		{CFF1BBA5-3DCB-4216-9928-CAA69B20AB29}.Release_Extranet|Any CPU.ActiveCfg = Release|x86
		{CFF1BBA5-3DCB-4216-9928-CAA69B20AB29}.Release_Extranet|Any CPU.Build.0 = Release|x86
		{CFF1BBA5-3DCB-4216-9928-CAA69B20AB29}.Release_Extranet|Mixed Platforms.ActiveCfg = Release|x86
		{CFF1BBA5-3DCB-4216-9928-CAA69B20AB29}.Release_Extranet|Mixed Platforms.Build.0 = Release|x86
		{CFF1BBA5-3DCB-4216-9928-CAA69B20AB29}.Release_Extranet|x86.ActiveCfg = Release|x86
		{CFF1BBA5-3DCB-4216-9928-CAA69B20AB29}.Release_Extranet|x86.Build.0 = Release|x86
		{CFF1BBA5-3DCB-4216-9928-CAA69B20AB29}.Release|Any CPU.ActiveCfg = Release|x86
		{CFF1BBA5-3DCB-4216-9928-CAA69B20AB29}.Release|Mixed Platforms.ActiveCfg = Release|x86
		{CFF1BBA5-3DCB-4216-9928-CAA69B20AB29}.Release|Mixed Platforms.Build.0 = Release|x86
		{CFF1BBA5-3DCB-4216-9928-CAA69B20AB29}.Release|x86.ActiveCfg = Release|x86
		{CFF1BBA5-3DCB-4216-9928-CAA69B20AB29}.Release|x86.Build.0 = Release|x86
		{014E83CC-9062-4471-A3FF-D5E02460B998}.Debug|Any CPU.ActiveCfg = Debug|Any CPU
		{014E83CC-9062-4471-A3FF-D5E02460B998}.Debug|Any CPU.Build.0 = Debug|Any CPU
		{014E83CC-9062-4471-A3FF-D5E02460B998}.Debug|Mixed Platforms.ActiveCfg = Debug|Any CPU
		{014E83CC-9062-4471-A3FF-D5E02460B998}.Debug|Mixed Platforms.Build.0 = Debug|Any CPU
		{014E83CC-9062-4471-A3FF-D5E02460B998}.Debug|x86.ActiveCfg = Debug|Any CPU
		{014E83CC-9062-4471-A3FF-D5E02460B998}.GertakariakMS|Any CPU.ActiveCfg = Release|Any CPU
		{014E83CC-9062-4471-A3FF-D5E02460B998}.GertakariakMS|Any CPU.Build.0 = Release|Any CPU
		{014E83CC-9062-4471-A3FF-D5E02460B998}.GertakariakMS|Mixed Platforms.ActiveCfg = Release|Any CPU
		{014E83CC-9062-4471-A3FF-D5E02460B998}.GertakariakMS|Mixed Platforms.Build.0 = Release|Any CPU
		{014E83CC-9062-4471-A3FF-D5E02460B998}.GertakariakMS|x86.ActiveCfg = Release|Any CPU
		{014E83CC-9062-4471-A3FF-D5E02460B998}.Istriku_Debug|Any CPU.ActiveCfg = Debug|Any CPU
		{014E83CC-9062-4471-A3FF-D5E02460B998}.Istriku_Debug|Any CPU.Build.0 = Debug|Any CPU
		{014E83CC-9062-4471-A3FF-D5E02460B998}.Istriku_Debug|Mixed Platforms.ActiveCfg = Debug|Any CPU
		{014E83CC-9062-4471-A3FF-D5E02460B998}.Istriku_Debug|Mixed Platforms.Build.0 = Debug|Any CPU
		{014E83CC-9062-4471-A3FF-D5E02460B998}.Istriku_Debug|x86.ActiveCfg = Debug|Any CPU
		{014E83CC-9062-4471-A3FF-D5E02460B998}.Istriku_Release|Any CPU.ActiveCfg = Release|Any CPU
		{014E83CC-9062-4471-A3FF-D5E02460B998}.Istriku_Release|Any CPU.Build.0 = Release|Any CPU
		{014E83CC-9062-4471-A3FF-D5E02460B998}.Istriku_Release|Mixed Platforms.ActiveCfg = Release|Any CPU
		{014E83CC-9062-4471-A3FF-D5E02460B998}.Istriku_Release|Mixed Platforms.Build.0 = Release|Any CPU
		{014E83CC-9062-4471-A3FF-D5E02460B998}.Istriku_Release|x86.ActiveCfg = Release|Any CPU
		{014E83CC-9062-4471-A3FF-D5E02460B998}.Release_Extranet|Any CPU.ActiveCfg = Release|Any CPU
		{014E83CC-9062-4471-A3FF-D5E02460B998}.Release_Extranet|Any CPU.Build.0 = Release|Any CPU
		{014E83CC-9062-4471-A3FF-D5E02460B998}.Release_Extranet|Mixed Platforms.ActiveCfg = Release|x86
		{014E83CC-9062-4471-A3FF-D5E02460B998}.Release_Extranet|Mixed Platforms.Build.0 = Release|x86
		{014E83CC-9062-4471-A3FF-D5E02460B998}.Release_Extranet|x86.ActiveCfg = Release|x86
		{014E83CC-9062-4471-A3FF-D5E02460B998}.Release_Extranet|x86.Build.0 = Release|x86
		{014E83CC-9062-4471-A3FF-D5E02460B998}.Release|Any CPU.ActiveCfg = Release|Any CPU
		{014E83CC-9062-4471-A3FF-D5E02460B998}.Release|Any CPU.Build.0 = Release|Any CPU
		{014E83CC-9062-4471-A3FF-D5E02460B998}.Release|Mixed Platforms.ActiveCfg = Release|Any CPU
		{014E83CC-9062-4471-A3FF-D5E02460B998}.Release|Mixed Platforms.Build.0 = Release|Any CPU
		{014E83CC-9062-4471-A3FF-D5E02460B998}.Release|x86.ActiveCfg = Release|Any CPU
		{014E83CC-9062-4471-A3FF-D5E02460B998}.Release|x86.Build.0 = Release|Any CPU
		{D8DFD338-036C-4472-8611-59566F4E37FB}.Debug|Any CPU.ActiveCfg = Debug|Any CPU
		{D8DFD338-036C-4472-8611-59566F4E37FB}.Debug|Any CPU.Build.0 = Debug|Any CPU
		{D8DFD338-036C-4472-8611-59566F4E37FB}.Debug|Mixed Platforms.ActiveCfg = Debug|Any CPU
		{D8DFD338-036C-4472-8611-59566F4E37FB}.Debug|Mixed Platforms.Build.0 = Debug|Any CPU
		{D8DFD338-036C-4472-8611-59566F4E37FB}.Debug|x86.ActiveCfg = Debug|Any CPU
		{D8DFD338-036C-4472-8611-59566F4E37FB}.Debug|x86.Build.0 = Debug|Any CPU
		{D8DFD338-036C-4472-8611-59566F4E37FB}.GertakariakMS|Any CPU.ActiveCfg = Release_Extranet|Any CPU
		{D8DFD338-036C-4472-8611-59566F4E37FB}.GertakariakMS|Any CPU.Build.0 = Release_Extranet|Any CPU
		{D8DFD338-036C-4472-8611-59566F4E37FB}.GertakariakMS|Mixed Platforms.ActiveCfg = Release_Extranet|Any CPU
		{D8DFD338-036C-4472-8611-59566F4E37FB}.GertakariakMS|Mixed Platforms.Build.0 = Release_Extranet|Any CPU
		{D8DFD338-036C-4472-8611-59566F4E37FB}.GertakariakMS|x86.ActiveCfg = Release_Extranet|Any CPU
		{D8DFD338-036C-4472-8611-59566F4E37FB}.GertakariakMS|x86.Build.0 = Release_Extranet|Any CPU
		{D8DFD338-036C-4472-8611-59566F4E37FB}.Istriku_Debug|Any CPU.ActiveCfg = Debug|Any CPU
		{D8DFD338-036C-4472-8611-59566F4E37FB}.Istriku_Debug|Any CPU.Build.0 = Debug|Any CPU
		{D8DFD338-036C-4472-8611-59566F4E37FB}.Istriku_Debug|Mixed Platforms.ActiveCfg = Debug|Any CPU
		{D8DFD338-036C-4472-8611-59566F4E37FB}.Istriku_Debug|Mixed Platforms.Build.0 = Debug|Any CPU
		{D8DFD338-036C-4472-8611-59566F4E37FB}.Istriku_Debug|x86.ActiveCfg = Debug|Any CPU
		{D8DFD338-036C-4472-8611-59566F4E37FB}.Istriku_Debug|x86.Build.0 = Debug|Any CPU
		{D8DFD338-036C-4472-8611-59566F4E37FB}.Istriku_Release|Any CPU.ActiveCfg = Release|Any CPU
		{D8DFD338-036C-4472-8611-59566F4E37FB}.Istriku_Release|Any CPU.Build.0 = Release|Any CPU
		{D8DFD338-036C-4472-8611-59566F4E37FB}.Istriku_Release|Mixed Platforms.ActiveCfg = Release|Any CPU
		{D8DFD338-036C-4472-8611-59566F4E37FB}.Istriku_Release|Mixed Platforms.Build.0 = Release|Any CPU
		{D8DFD338-036C-4472-8611-59566F4E37FB}.Istriku_Release|x86.ActiveCfg = Release|Any CPU
		{D8DFD338-036C-4472-8611-59566F4E37FB}.Istriku_Release|x86.Build.0 = Release|Any CPU
		{D8DFD338-036C-4472-8611-59566F4E37FB}.Release_Extranet|Any CPU.ActiveCfg = Release_Extranet|Any CPU
		{D8DFD338-036C-4472-8611-59566F4E37FB}.Release_Extranet|Any CPU.Build.0 = Release_Extranet|Any CPU
		{D8DFD338-036C-4472-8611-59566F4E37FB}.Release_Extranet|Mixed Platforms.ActiveCfg = Release_Extranet|Any CPU
		{D8DFD338-036C-4472-8611-59566F4E37FB}.Release_Extranet|Mixed Platforms.Build.0 = Release_Extranet|Any CPU
		{D8DFD338-036C-4472-8611-59566F4E37FB}.Release_Extranet|x86.ActiveCfg = Release_Extranet|Any CPU
		{D8DFD338-036C-4472-8611-59566F4E37FB}.Release_Extranet|x86.Build.0 = Release_Extranet|Any CPU
		{D8DFD338-036C-4472-8611-59566F4E37FB}.Release|Any CPU.ActiveCfg = Release|Any CPU
		{D8DFD338-036C-4472-8611-59566F4E37FB}.Release|Any CPU.Build.0 = Release|Any CPU
		{D8DFD338-036C-4472-8611-59566F4E37FB}.Release|Mixed Platforms.ActiveCfg = Release|Any CPU
		{D8DFD338-036C-4472-8611-59566F4E37FB}.Release|Mixed Platforms.Build.0 = Release|Any CPU
		{D8DFD338-036C-4472-8611-59566F4E37FB}.Release|x86.ActiveCfg = Release|Any CPU
		{D8DFD338-036C-4472-8611-59566F4E37FB}.Release|x86.Build.0 = Release|Any CPU
		{1F46E55D-906C-4588-99CC-E81C4B4E373E}.Debug|Any CPU.ActiveCfg = Debug|Any CPU
		{1F46E55D-906C-4588-99CC-E81C4B4E373E}.Debug|Any CPU.Build.0 = Debug|Any CPU
		{1F46E55D-906C-4588-99CC-E81C4B4E373E}.Debug|Mixed Platforms.ActiveCfg = Debug|Any CPU
		{1F46E55D-906C-4588-99CC-E81C4B4E373E}.Debug|Mixed Platforms.Build.0 = Debug|Any CPU
		{1F46E55D-906C-4588-99CC-E81C4B4E373E}.Debug|x86.ActiveCfg = Debug|Any CPU
		{1F46E55D-906C-4588-99CC-E81C4B4E373E}.Debug|x86.Build.0 = Debug|Any CPU
		{1F46E55D-906C-4588-99CC-E81C4B4E373E}.GertakariakMS|Any CPU.ActiveCfg = GertakariakMS|Any CPU
		{1F46E55D-906C-4588-99CC-E81C4B4E373E}.GertakariakMS|Any CPU.Build.0 = GertakariakMS|Any CPU
		{1F46E55D-906C-4588-99CC-E81C4B4E373E}.GertakariakMS|Mixed Platforms.ActiveCfg = GertakariakMS|Any CPU
		{1F46E55D-906C-4588-99CC-E81C4B4E373E}.GertakariakMS|Mixed Platforms.Build.0 = GertakariakMS|Any CPU
		{1F46E55D-906C-4588-99CC-E81C4B4E373E}.GertakariakMS|x86.ActiveCfg = GertakariakMS|Any CPU
		{1F46E55D-906C-4588-99CC-E81C4B4E373E}.GertakariakMS|x86.Build.0 = GertakariakMS|Any CPU
		{1F46E55D-906C-4588-99CC-E81C4B4E373E}.Istriku_Debug|Any CPU.ActiveCfg = Istriku_Debug|Any CPU
		{1F46E55D-906C-4588-99CC-E81C4B4E373E}.Istriku_Debug|Any CPU.Build.0 = Istriku_Debug|Any CPU
		{1F46E55D-906C-4588-99CC-E81C4B4E373E}.Istriku_Debug|Mixed Platforms.ActiveCfg = Istriku_Debug|Any CPU
		{1F46E55D-906C-4588-99CC-E81C4B4E373E}.Istriku_Debug|Mixed Platforms.Build.0 = Istriku_Debug|Any CPU
		{1F46E55D-906C-4588-99CC-E81C4B4E373E}.Istriku_Debug|x86.ActiveCfg = Istriku_Debug|Any CPU
		{1F46E55D-906C-4588-99CC-E81C4B4E373E}.Istriku_Debug|x86.Build.0 = Istriku_Debug|Any CPU
		{1F46E55D-906C-4588-99CC-E81C4B4E373E}.Istriku_Release|Any CPU.ActiveCfg = Istriku_Release|Any CPU
		{1F46E55D-906C-4588-99CC-E81C4B4E373E}.Istriku_Release|Any CPU.Build.0 = Istriku_Release|Any CPU
		{1F46E55D-906C-4588-99CC-E81C4B4E373E}.Istriku_Release|Mixed Platforms.ActiveCfg = Istriku_Release|Any CPU
		{1F46E55D-906C-4588-99CC-E81C4B4E373E}.Istriku_Release|Mixed Platforms.Build.0 = Istriku_Release|Any CPU
		{1F46E55D-906C-4588-99CC-E81C4B4E373E}.Istriku_Release|x86.ActiveCfg = Istriku_Release|Any CPU
		{1F46E55D-906C-4588-99CC-E81C4B4E373E}.Istriku_Release|x86.Build.0 = Istriku_Release|Any CPU
		{1F46E55D-906C-4588-99CC-E81C4B4E373E}.Release_Extranet|Any CPU.ActiveCfg = Release_Extranet|Any CPU
		{1F46E55D-906C-4588-99CC-E81C4B4E373E}.Release_Extranet|Any CPU.Build.0 = Release_Extranet|Any CPU
		{1F46E55D-906C-4588-99CC-E81C4B4E373E}.Release_Extranet|Mixed Platforms.ActiveCfg = Release_Extranet|Any CPU
		{1F46E55D-906C-4588-99CC-E81C4B4E373E}.Release_Extranet|Mixed Platforms.Build.0 = Release_Extranet|Any CPU
		{1F46E55D-906C-4588-99CC-E81C4B4E373E}.Release_Extranet|x86.ActiveCfg = Release_Extranet|Any CPU
		{1F46E55D-906C-4588-99CC-E81C4B4E373E}.Release_Extranet|x86.Build.0 = Release_Extranet|Any CPU
		{1F46E55D-906C-4588-99CC-E81C4B4E373E}.Release|Any CPU.ActiveCfg = Release|Any CPU
		{1F46E55D-906C-4588-99CC-E81C4B4E373E}.Release|Any CPU.Build.0 = Release|Any CPU
		{1F46E55D-906C-4588-99CC-E81C4B4E373E}.Release|Mixed Platforms.ActiveCfg = Release|Any CPU
		{1F46E55D-906C-4588-99CC-E81C4B4E373E}.Release|Mixed Platforms.Build.0 = Release|Any CPU
		{1F46E55D-906C-4588-99CC-E81C4B4E373E}.Release|x86.ActiveCfg = Release|Any CPU
		{1F46E55D-906C-4588-99CC-E81C4B4E373E}.Release|x86.Build.0 = Release|Any CPU
		{73193FB9-7806-4B49-9CEA-56078DFFB69B}.Debug|Any CPU.ActiveCfg = Debug|Any CPU
		{73193FB9-7806-4B49-9CEA-56078DFFB69B}.Debug|Any CPU.Build.0 = Debug|Any CPU
		{73193FB9-7806-4B49-9CEA-56078DFFB69B}.Debug|Mixed Platforms.ActiveCfg = Debug|Any CPU
		{73193FB9-7806-4B49-9CEA-56078DFFB69B}.Debug|Mixed Platforms.Build.0 = Debug|Any CPU
		{73193FB9-7806-4B49-9CEA-56078DFFB69B}.Debug|x86.ActiveCfg = Debug|Any CPU
		{73193FB9-7806-4B49-9CEA-56078DFFB69B}.Debug|x86.Build.0 = Debug|Any CPU
		{73193FB9-7806-4B49-9CEA-56078DFFB69B}.GertakariakMS|Any CPU.ActiveCfg = Release|Any CPU
		{73193FB9-7806-4B49-9CEA-56078DFFB69B}.GertakariakMS|Any CPU.Build.0 = Release|Any CPU
		{73193FB9-7806-4B49-9CEA-56078DFFB69B}.GertakariakMS|Mixed Platforms.ActiveCfg = Release|Any CPU
		{73193FB9-7806-4B49-9CEA-56078DFFB69B}.GertakariakMS|Mixed Platforms.Build.0 = Release|Any CPU
		{73193FB9-7806-4B49-9CEA-56078DFFB69B}.GertakariakMS|x86.ActiveCfg = Release|Any CPU
		{73193FB9-7806-4B49-9CEA-56078DFFB69B}.GertakariakMS|x86.Build.0 = Release|Any CPU
		{73193FB9-7806-4B49-9CEA-56078DFFB69B}.Istriku_Debug|Any CPU.ActiveCfg = Debug|Any CPU
		{73193FB9-7806-4B49-9CEA-56078DFFB69B}.Istriku_Debug|Any CPU.Build.0 = Debug|Any CPU
		{73193FB9-7806-4B49-9CEA-56078DFFB69B}.Istriku_Debug|Mixed Platforms.ActiveCfg = Debug|Any CPU
		{73193FB9-7806-4B49-9CEA-56078DFFB69B}.Istriku_Debug|Mixed Platforms.Build.0 = Debug|Any CPU
		{73193FB9-7806-4B49-9CEA-56078DFFB69B}.Istriku_Debug|x86.ActiveCfg = Debug|Any CPU
		{73193FB9-7806-4B49-9CEA-56078DFFB69B}.Istriku_Debug|x86.Build.0 = Debug|Any CPU
		{73193FB9-7806-4B49-9CEA-56078DFFB69B}.Istriku_Release|Any CPU.ActiveCfg = Release|Any CPU
		{73193FB9-7806-4B49-9CEA-56078DFFB69B}.Istriku_Release|Any CPU.Build.0 = Release|Any CPU
		{73193FB9-7806-4B49-9CEA-56078DFFB69B}.Istriku_Release|Mixed Platforms.ActiveCfg = Release|Any CPU
		{73193FB9-7806-4B49-9CEA-56078DFFB69B}.Istriku_Release|Mixed Platforms.Build.0 = Release|Any CPU
		{73193FB9-7806-4B49-9CEA-56078DFFB69B}.Istriku_Release|x86.ActiveCfg = Release|Any CPU
		{73193FB9-7806-4B49-9CEA-56078DFFB69B}.Istriku_Release|x86.Build.0 = Release|Any CPU
		{73193FB9-7806-4B49-9CEA-56078DFFB69B}.Release_Extranet|Any CPU.ActiveCfg = Release|Any CPU
		{73193FB9-7806-4B49-9CEA-56078DFFB69B}.Release_Extranet|Any CPU.Build.0 = Release|Any CPU
		{73193FB9-7806-4B49-9CEA-56078DFFB69B}.Release_Extranet|Mixed Platforms.ActiveCfg = Release|Any CPU
		{73193FB9-7806-4B49-9CEA-56078DFFB69B}.Release_Extranet|Mixed Platforms.Build.0 = Release|Any CPU
		{73193FB9-7806-4B49-9CEA-56078DFFB69B}.Release_Extranet|x86.ActiveCfg = Release|Any CPU
		{73193FB9-7806-4B49-9CEA-56078DFFB69B}.Release_Extranet|x86.Build.0 = Release|Any CPU
		{73193FB9-7806-4B49-9CEA-56078DFFB69B}.Release|Any CPU.ActiveCfg = Release|Any CPU
		{73193FB9-7806-4B49-9CEA-56078DFFB69B}.Release|Any CPU.Build.0 = Release|Any CPU
		{73193FB9-7806-4B49-9CEA-56078DFFB69B}.Release|Mixed Platforms.ActiveCfg = Release|Any CPU
		{73193FB9-7806-4B49-9CEA-56078DFFB69B}.Release|Mixed Platforms.Build.0 = Release|Any CPU
		{73193FB9-7806-4B49-9CEA-56078DFFB69B}.Release|x86.ActiveCfg = Release|Any CPU
		{73193FB9-7806-4B49-9CEA-56078DFFB69B}.Release|x86.Build.0 = Release|Any CPU
		{3283DECE-6B4E-4009-A3A7-1370E6C0E053}.Debug|Any CPU.ActiveCfg = Debug|Any CPU
		{3283DECE-6B4E-4009-A3A7-1370E6C0E053}.Debug|Any CPU.Build.0 = Debug|Any CPU
		{3283DECE-6B4E-4009-A3A7-1370E6C0E053}.Debug|Mixed Platforms.ActiveCfg = Debug|Any CPU
		{3283DECE-6B4E-4009-A3A7-1370E6C0E053}.Debug|Mixed Platforms.Build.0 = Debug|Any CPU
		{3283DECE-6B4E-4009-A3A7-1370E6C0E053}.Debug|x86.ActiveCfg = Debug|Any CPU
		{3283DECE-6B4E-4009-A3A7-1370E6C0E053}.Debug|x86.Build.0 = Debug|Any CPU
		{3283DECE-6B4E-4009-A3A7-1370E6C0E053}.GertakariakMS|Any CPU.ActiveCfg = GertakariakMS|Any CPU
		{3283DECE-6B4E-4009-A3A7-1370E6C0E053}.GertakariakMS|Any CPU.Build.0 = GertakariakMS|Any CPU
		{3283DECE-6B4E-4009-A3A7-1370E6C0E053}.GertakariakMS|Mixed Platforms.ActiveCfg = GertakariakMS|Any CPU
		{3283DECE-6B4E-4009-A3A7-1370E6C0E053}.GertakariakMS|Mixed Platforms.Build.0 = GertakariakMS|Any CPU
		{3283DECE-6B4E-4009-A3A7-1370E6C0E053}.GertakariakMS|x86.ActiveCfg = GertakariakMS|Any CPU
		{3283DECE-6B4E-4009-A3A7-1370E6C0E053}.GertakariakMS|x86.Build.0 = GertakariakMS|Any CPU
		{3283DECE-6B4E-4009-A3A7-1370E6C0E053}.Istriku_Debug|Any CPU.ActiveCfg = Istriku_Release|Any CPU
		{3283DECE-6B4E-4009-A3A7-1370E6C0E053}.Istriku_Debug|Any CPU.Build.0 = Istriku_Release|Any CPU
		{3283DECE-6B4E-4009-A3A7-1370E6C0E053}.Istriku_Debug|Mixed Platforms.ActiveCfg = Istriku_Release|Any CPU
		{3283DECE-6B4E-4009-A3A7-1370E6C0E053}.Istriku_Debug|Mixed Platforms.Build.0 = Istriku_Release|Any CPU
		{3283DECE-6B4E-4009-A3A7-1370E6C0E053}.Istriku_Debug|x86.ActiveCfg = Istriku_Release|Any CPU
		{3283DECE-6B4E-4009-A3A7-1370E6C0E053}.Istriku_Debug|x86.Build.0 = Istriku_Release|Any CPU
		{3283DECE-6B4E-4009-A3A7-1370E6C0E053}.Istriku_Release|Any CPU.ActiveCfg = Istriku_Release|Any CPU
		{3283DECE-6B4E-4009-A3A7-1370E6C0E053}.Istriku_Release|Any CPU.Build.0 = Istriku_Release|Any CPU
		{3283DECE-6B4E-4009-A3A7-1370E6C0E053}.Istriku_Release|Mixed Platforms.ActiveCfg = Istriku_Release|Any CPU
		{3283DECE-6B4E-4009-A3A7-1370E6C0E053}.Istriku_Release|Mixed Platforms.Build.0 = Istriku_Release|Any CPU
		{3283DECE-6B4E-4009-A3A7-1370E6C0E053}.Istriku_Release|x86.ActiveCfg = Istriku_Release|Any CPU
		{3283DECE-6B4E-4009-A3A7-1370E6C0E053}.Istriku_Release|x86.Build.0 = Istriku_Release|Any CPU
		{3283DECE-6B4E-4009-A3A7-1370E6C0E053}.Release_Extranet|Any CPU.ActiveCfg = Release_Extranet|Any CPU
		{3283DECE-6B4E-4009-A3A7-1370E6C0E053}.Release_Extranet|Any CPU.Build.0 = Release_Extranet|Any CPU
		{3283DECE-6B4E-4009-A3A7-1370E6C0E053}.Release_Extranet|Mixed Platforms.ActiveCfg = Release_Extranet|Any CPU
		{3283DECE-6B4E-4009-A3A7-1370E6C0E053}.Release_Extranet|Mixed Platforms.Build.0 = Release_Extranet|Any CPU
		{3283DECE-6B4E-4009-A3A7-1370E6C0E053}.Release_Extranet|x86.ActiveCfg = Release_Extranet|Any CPU
		{3283DECE-6B4E-4009-A3A7-1370E6C0E053}.Release_Extranet|x86.Build.0 = Release_Extranet|Any CPU
		{3283DECE-6B4E-4009-A3A7-1370E6C0E053}.Release|Any CPU.ActiveCfg = Release|Any CPU
		{3283DECE-6B4E-4009-A3A7-1370E6C0E053}.Release|Any CPU.Build.0 = Release|Any CPU
		{3283DECE-6B4E-4009-A3A7-1370E6C0E053}.Release|Mixed Platforms.ActiveCfg = Release|Any CPU
		{3283DECE-6B4E-4009-A3A7-1370E6C0E053}.Release|Mixed Platforms.Build.0 = Release|Any CPU
		{3283DECE-6B4E-4009-A3A7-1370E6C0E053}.Release|x86.ActiveCfg = Release|Any CPU
		{3283DECE-6B4E-4009-A3A7-1370E6C0E053}.Release|x86.Build.0 = Release|Any CPU
	EndGlobalSection
	GlobalSection(SolutionProperties) = preSolution
		HideSolutionNode = FALSE
	EndGlobalSection
EndGlobal
