
Microsoft Visual Studio Solution File, Format Version 10.00
# Visual Basic Express 2008
Project("{F184B08F-C81C-45F6-A57F-5ABD9991F28F}") = "EXCHANGELIB", "EXCHANGELIB.vbproj", "{210815A6-FFBB-4622-9CFF-CAE8F8632078}"
EndProject
Global
	GlobalSection(SolutionConfigurationPlatforms) = preSolution
		Debug|Any CPU = Debug|Any CPU
		Release|Any CPU = Release|Any CPU
	EndGlobalSection
	GlobalSection(ProjectConfigurationPlatforms) = postSolution
		{210815A6-FFBB-4622-9CFF-CAE8F8632078}.Debug|Any CPU.ActiveCfg = Debug|Any CPU
		{210815A6-FFBB-4622-9CFF-CAE8F8632078}.Debug|Any CPU.Build.0 = Debug|Any CPU
		{210815A6-FFBB-4622-9CFF-CAE8F8632078}.Release|Any CPU.ActiveCfg = Release|Any CPU
		{210815A6-FFBB-4622-9CFF-CAE8F8632078}.Release|Any CPU.Build.0 = Release|Any CPU
		{B715D65D-417E-4FA2-B087-9482CC4FD822}.Debug|Any CPU.ActiveCfg = Debug|Any CPU
		{B715D65D-417E-4FA2-B087-9482CC4FD822}.Debug|Any CPU.Build.0 = Debug|Any CPU
		{B715D65D-417E-4FA2-B087-9482CC4FD822}.Release|Any CPU.ActiveCfg = Release|Any CPU
		{B715D65D-417E-4FA2-B087-9482CC4FD822}.Release|Any CPU.Build.0 = Release|Any CPU
	EndGlobalSection
	GlobalSection(SolutionProperties) = preSolution
		HideSolutionNode = FALSE
	EndGlobalSection
EndGlobal
