
Microsoft Visual Studio Solution File, Format Version 12.00
# Visual Studio 14
VisualStudioVersion = 14.0.24720.0
MinimumVisualStudioVersion = 10.0.40219.1
Project("{F184B08F-C81C-45F6-A57F-5ABD9991F28F}") = "ExtranetMVC", "ExtranetMVC\ExtranetMVC.vbproj", "{A97484B1-4681-4A08-8A02-5DB8890F74AD}"
EndProject
Project("{F184B08F-C81C-45F6-A57F-5ABD9991F28F}") = "web", "web\web.vbproj", "{F51F0CDA-6FA2-4DA6-94FD-FCC969E1B1E5}"
EndProject
Global
	GlobalSection(SolutionConfigurationPlatforms) = preSolution
		Debug|Any CPU = Debug|Any CPU
		GertakariakMS|Any CPU = GertakariakMS|Any CPU
		Istriku_Debug|Any CPU = Istriku_Debug|Any CPU
		Istriku_Release|Any CPU = Istriku_Release|Any CPU
		Release|Any CPU = Release|Any CPU
	EndGlobalSection
	GlobalSection(ProjectConfigurationPlatforms) = postSolution
		{A97484B1-4681-4A08-8A02-5DB8890F74AD}.Debug|Any CPU.ActiveCfg = Debug|Any CPU
		{A97484B1-4681-4A08-8A02-5DB8890F74AD}.Debug|Any CPU.Build.0 = Debug|Any CPU
		{A97484B1-4681-4A08-8A02-5DB8890F74AD}.GertakariakMS|Any CPU.ActiveCfg = Release|Any CPU
		{A97484B1-4681-4A08-8A02-5DB8890F74AD}.GertakariakMS|Any CPU.Build.0 = Release|Any CPU
		{A97484B1-4681-4A08-8A02-5DB8890F74AD}.Istriku_Debug|Any CPU.ActiveCfg = Debug|Any CPU
		{A97484B1-4681-4A08-8A02-5DB8890F74AD}.Istriku_Debug|Any CPU.Build.0 = Debug|Any CPU
		{A97484B1-4681-4A08-8A02-5DB8890F74AD}.Istriku_Release|Any CPU.ActiveCfg = Release|Any CPU
		{A97484B1-4681-4A08-8A02-5DB8890F74AD}.Istriku_Release|Any CPU.Build.0 = Release|Any CPU
		{A97484B1-4681-4A08-8A02-5DB8890F74AD}.Release|Any CPU.ActiveCfg = Release|Any CPU
		{A97484B1-4681-4A08-8A02-5DB8890F74AD}.Release|Any CPU.Build.0 = Release|Any CPU
		{F51F0CDA-6FA2-4DA6-94FD-FCC969E1B1E5}.Debug|Any CPU.ActiveCfg = Debug|Any CPU
		{F51F0CDA-6FA2-4DA6-94FD-FCC969E1B1E5}.Debug|Any CPU.Build.0 = Debug|Any CPU
		{F51F0CDA-6FA2-4DA6-94FD-FCC969E1B1E5}.GertakariakMS|Any CPU.ActiveCfg = Release|Any CPU
		{F51F0CDA-6FA2-4DA6-94FD-FCC969E1B1E5}.GertakariakMS|Any CPU.Build.0 = Release|Any CPU
		{F51F0CDA-6FA2-4DA6-94FD-FCC969E1B1E5}.Istriku_Debug|Any CPU.ActiveCfg = Debug|Any CPU
		{F51F0CDA-6FA2-4DA6-94FD-FCC969E1B1E5}.Istriku_Debug|Any CPU.Build.0 = Debug|Any CPU
		{F51F0CDA-6FA2-4DA6-94FD-FCC969E1B1E5}.Istriku_Release|Any CPU.ActiveCfg = Release|Any CPU
		{F51F0CDA-6FA2-4DA6-94FD-FCC969E1B1E5}.Istriku_Release|Any CPU.Build.0 = Release|Any CPU
		{F51F0CDA-6FA2-4DA6-94FD-FCC969E1B1E5}.Release|Any CPU.ActiveCfg = Release|Any CPU
		{F51F0CDA-6FA2-4DA6-94FD-FCC969E1B1E5}.Release|Any CPU.Build.0 = Release|Any CPU
	EndGlobalSection
	GlobalSection(SolutionProperties) = preSolution
		HideSolutionNode = FALSE
	EndGlobalSection
EndGlobal
